// !$*UTF8*$!
{
	archiveVersion = 1;
	classes = {
	};
	objectVersion = 46;
	objects = {

/* Begin PBXBuildFile section */
		7D345A171C8A6B5400D4FA45 /* main.swift in Sources */ = {isa = PBXBuildFile; fileRef = 7D345A161C8A6B5400D4FA45 /* main.swift */; };
		7D345A281C8A6E9500D4FA45 /* argParser.swift in Sources */ = {isa = PBXBuildFile; fileRef = 7D345A231C8A6E9500D4FA45 /* argParser.swift */; };
		7D345A291C8A6E9500D4FA45 /* common.swift in Sources */ = {isa = PBXBuildFile; fileRef = 7D345A241C8A6E9500D4FA45 /* common.swift */; };
		7D345A2A1C8A6E9500D4FA45 /* fileHandler.swift in Sources */ = {isa = PBXBuildFile; fileRef = 7D345A251C8A6E9500D4FA45 /* fileHandler.swift */; };
		7D345A2B1C8A6E9500D4FA45 /* getPut.swift in Sources */ = {isa = PBXBuildFile; fileRef = 7D345A261C8A6E9500D4FA45 /* getPut.swift */; };
		7D345A2C1C8A6E9500D4FA45 /* unique.swift in Sources */ = {isa = PBXBuildFile; fileRef = 7D345A271C8A6E9500D4FA45 /* unique.swift */; };
		7D345A2F1C8A70D400D4FA45 /* compare.swift in Sources */ = {isa = PBXBuildFile; fileRef = 7D345A2E1C8A70D400D4FA45 /* compare.swift */; };
/* End PBXBuildFile section */

/* Begin PBXCopyFilesBuildPhase section */
		7D345A111C8A6B5400D4FA45 /* CopyFiles */ = {
			isa = PBXCopyFilesBuildPhase;
			buildActionMask = 2147483647;
			dstPath = /usr/share/man/man1/;
			dstSubfolderSpec = 0;
			files = (
			);
			runOnlyForDeploymentPostprocessing = 1;
		};
/* End PBXCopyFilesBuildPhase section */

/* Begin PBXFileReference section */
		7D345A131C8A6B5400D4FA45 /* unique */ = {isa = PBXFileReference; explicitFileType = "compiled.mach-o.executable"; includeInIndex = 0; path = unique; sourceTree = BUILT_PRODUCTS_DIR; };
		7D345A161C8A6B5400D4FA45 /* main.swift */ = {isa = PBXFileReference; lastKnownFileType = sourcecode.swift; path = main.swift; sourceTree = "<group>"; };
		7D345A231C8A6E9500D4FA45 /* argParser.swift */ = {isa = PBXFileReference; fileEncoding = 4; lastKnownFileType = sourcecode.swift; name = argParser.swift; path = "../../software-tools-swift/argParser.swift"; sourceTree = "<group>"; };
		7D345A241C8A6E9500D4FA45 /* common.swift */ = {isa = PBXFileReference; fileEncoding = 4; lastKnownFileType = sourcecode.swift; name = common.swift; path = "../../software-tools-swift/common.swift"; sourceTree = "<group>"; };
		7D345A251C8A6E9500D4FA45 /* fileHandler.swift */ = {isa = PBXFileReference; fileEncoding = 4; lastKnownFileType = sourcecode.swift; name = fileHandler.swift; path = "../../software-tools-swift/fileHandler.swift"; sourceTree = "<group>"; };
		7D345A261C8A6E9500D4FA45 /* getPut.swift */ = {isa = PBXFileReference; fileEncoding = 4; lastKnownFileType = sourcecode.swift; name = getPut.swift; path = "../../software-tools-swift/getPut.swift"; sourceTree = "<group>"; };
		7D345A271C8A6E9500D4FA45 /* unique.swift */ = {isa = PBXFileReference; fileEncoding = 4; lastKnownFileType = sourcecode.swift; name = unique.swift; path = "../../software-tools-swift/unique.swift"; sourceTree = "<group>"; };
		7D345A2D1C8A706D00D4FA45 /* buildCommand.sh */ = {isa = PBXFileReference; lastKnownFileType = text.script.sh; path = buildCommand.sh; sourceTree = "<group>"; };
		7D345A2E1C8A70D400D4FA45 /* compare.swift */ = {isa = PBXFileReference; fileEncoding = 4; lastKnownFileType = sourcecode.swift; name = compare.swift; path = "../../software-tools-swift/compare.swift"; sourceTree = "<group>"; };
/* End PBXFileReference section */

/* Begin PBXFrameworksBuildPhase section */
		7D345A101C8A6B5400D4FA45 /* Frameworks */ = {
			isa = PBXFrameworksBuildPhase;
			buildActionMask = 2147483647;
			files = (
			);
			runOnlyForDeploymentPostprocessing = 0;
		};
/* End PBXFrameworksBuildPhase section */

/* Begin PBXGroup section */
		7D345A0A1C8A6B5400D4FA45 = {
			isa = PBXGroup;
			children = (
				7D345A151C8A6B5400D4FA45 /* unique */,
				7D345A141C8A6B5400D4FA45 /* Products */,
			);
			sourceTree = "<group>";
		};
		7D345A141C8A6B5400D4FA45 /* Products */ = {
			isa = PBXGroup;
			children = (
				7D345A131C8A6B5400D4FA45 /* unique */,
			);
			name = Products;
			sourceTree = "<group>";
		};
		7D345A151C8A6B5400D4FA45 /* unique */ = {
			isa = PBXGroup;
			children = (
				7D345A161C8A6B5400D4FA45 /* main.swift */,
				7D345A231C8A6E9500D4FA45 /* argParser.swift */,
				7D345A241C8A6E9500D4FA45 /* common.swift */,
				7D345A251C8A6E9500D4FA45 /* fileHandler.swift */,
				7D345A261C8A6E9500D4FA45 /* getPut.swift */,
				7D345A271C8A6E9500D4FA45 /* unique.swift */,
				7D345A2D1C8A706D00D4FA45 /* buildCommand.sh */,
				7D345A2E1C8A70D400D4FA45 /* compare.swift */,
			);
			path = unique;
			sourceTree = "<group>";
		};
/* End PBXGroup section */

/* Begin PBXNativeTarget section */
		7D345A121C8A6B5400D4FA45 /* unique */ = {
			isa = PBXNativeTarget;
			buildConfigurationList = 7D345A1A1C8A6B5400D4FA45 /* Build configuration list for PBXNativeTarget "unique" */;
			buildPhases = (
				7D345A0F1C8A6B5400D4FA45 /* Sources */,
				7D345A101C8A6B5400D4FA45 /* Frameworks */,
				7D345A111C8A6B5400D4FA45 /* CopyFiles */,
			);
			buildRules = (
			);
			dependencies = (
			);
			name = unique;
			productName = unique;
			productReference = 7D345A131C8A6B5400D4FA45 /* unique */;
			productType = "com.apple.product-type.tool";
		};
/* End PBXNativeTarget section */

/* Begin PBXProject section */
		7D345A0B1C8A6B5400D4FA45 /* Project object */ = {
			isa = PBXProject;
			attributes = {
				LastSwiftUpdateCheck = 0720;
				LastUpgradeCheck = 0720;
				ORGANIZATIONNAME = AikawaKazuki;
				TargetAttributes = {
					7D345A121C8A6B5400D4FA45 = {
						CreatedOnToolsVersion = 7.2;
					};
				};
			};
			buildConfigurationList = 7D345A0E1C8A6B5400D4FA45 /* Build configuration list for PBXProject "unique" */;
			compatibilityVersion = "Xcode 3.2";
			developmentRegion = English;
			hasScannedForEncodings = 0;
			knownRegions = (
				en,
			);
			mainGroup = 7D345A0A1C8A6B5400D4FA45;
			productRefGroup = 7D345A141C8A6B5400D4FA45 /* Products */;
			projectDirPath = "";
			projectRoot = "";
			targets = (
				7D345A121C8A6B5400D4FA45 /* unique */,
			);
		};
/* End PBXProject section */

/* Begin PBXSourcesBuildPhase section */
		7D345A0F1C8A6B5400D4FA45 /* Sources */ = {
			isa = PBXSourcesBuildPhase;
			buildActionMask = 2147483647;
			files = (
				7D345A171C8A6B5400D4FA45 /* main.swift in Sources */,
				7D345A281C8A6E9500D4FA45 /* argParser.swift in Sources */,
				7D345A2C1C8A6E9500D4FA45 /* unique.swift in Sources */,
				7D345A2B1C8A6E9500D4FA45 /* getPut.swift in Sources */,
				7D345A2A1C8A6E9500D4FA45 /* fileHandler.swift in Sources */,
				7D345A291C8A6E9500D4FA45 /* common.swift in Sources */,
				7D345A2F1C8A70D400D4FA45 /* compare.swift in Sources */,
			);
			runOnlyForDeploymentPostprocessing = 0;
		};
/* End PBXSourcesBuildPhase section */

/* Begin XCBuildConfiguration section */
		7D345A181C8A6B5400D4FA45 /* Debug */ = {
			isa = XCBuildConfiguration;
			buildSettings = {
				ALWAYS_SEARCH_USER_PATHS = NO;
				CLANG_CXX_LANGUAGE_STANDARD = "gnu++0x";
				CLANG_CXX_LIBRARY = "libc++";
				CLANG_ENABLE_MODULES = YES;
				CLANG_ENABLE_OBJC_ARC = YES;
				CLANG_WARN_BOOL_CONVERSION = YES;
				CLANG_WARN_CONSTANT_CONVERSION = YES;
				CLANG_WARN_DIRECT_OBJC_ISA_USAGE = YES_ERROR;
				CLANG_WARN_EMPTY_BODY = YES;
				CLANG_WARN_ENUM_CONVERSION = YES;
				CLANG_WARN_INT_CONVERSION = YES;
				CLANG_WARN_OBJC_ROOT_CLASS = YES_ERROR;
				CLANG_WARN_UNREACHABLE_CODE = YES;
				CLANG_WARN__DUPLICATE_METHOD_MATCH = YES;
				CODE_SIGN_IDENTITY = "-";
				COPY_PHASE_STRIP = NO;
				DEBUG_INFORMATION_FORMAT = dwarf;
				ENABLE_STRICT_OBJC_MSGSEND = YES;
				ENABLE_TESTABILITY = YES;
				GCC_C_LANGUAGE_STANDARD = gnu99;
				GCC_DYNAMIC_NO_PIC = NO;
				GCC_NO_COMMON_BLOCKS = YES;
				GCC_OPTIMIZATION_LEVEL = 0;
				GCC_PREPROCESSOR_DEFINITIONS = (
					"DEBUG=1",
					"$(inherited)",
				);
				GCC_WARN_64_TO_32_BIT_CONVERSION = YES;
				GCC_WARN_ABOUT_RETURN_TYPE = YES_ERROR;
				GCC_WARN_UNDECLARED_SELECTOR = YES;
				GCC_WARN_UNINITIALIZED_AUTOS = YES_AGGRESSIVE;
				GCC_WARN_UNUSED_FUNCTION = YES;
				GCC_WARN_UNUSED_VARIABLE = YES;
				MACOSX_DEPLOYMENT_TARGET = 10.11;
				MTL_ENABLE_DEBUG_INFO = YES;
				ONLY_ACTIVE_ARCH = YES;
				SDKROOT = macosx;
				SWIFT_OPTIMIZATION_LEVEL = "-Onone";
			};
			name = Debug;
		};
		7D345A191C8A6B5400D4FA45 /* Release */ = {
			isa = XCBuildConfiguration;
			buildSettings = {
				ALWAYS_SEARCH_USER_PATHS = NO;
				CLANG_CXX_LANGUAGE_STANDARD = "gnu++0x";
				CLANG_CXX_LIBRARY = "libc++";
				CLANG_ENABLE_MODULES = YES;
				CLANG_ENABLE_OBJC_ARC = YES;
				CLANG_WARN_BOOL_CONVERSION = YES;
				CLANG_WARN_CONSTANT_CONVERSION = YES;
				CLANG_WARN_DIRECT_OBJC_ISA_USAGE = YES_ERROR;
				CLANG_WARN_EMPTY_BODY = YES;
				CLANG_WARN_ENUM_CONVERSION = YES;
				CLANG_WARN_INT_CONVERSION = YES;
				CLANG_WARN_OBJC_ROOT_CLASS = YES_ERROR;
				CLANG_WARN_UNREACHABLE_CODE = YES;
				CLANG_WARN__DUPLICATE_METHOD_MATCH = YES;
				CODE_SIGN_IDENTITY = "-";
				COPY_PHASE_STRIP = NO;
				DEBUG_INFORMATION_FORMAT = "dwarf-with-dsym";
				ENABLE_NS_ASSERTIONS = NO;
				ENABLE_STRICT_OBJC_MSGSEND = YES;
				GCC_C_LANGUAGE_STANDARD = gnu99;
				GCC_NO_COMMON_BLOCKS = YES;
				GCC_WARN_64_TO_32_BIT_CONVERSION = YES;
				GCC_WARN_ABOUT_RETURN_TYPE = YES_ERROR;
				GCC_WARN_UNDECLARED_SELECTOR = YES;
				GCC_WARN_UNINITIALIZED_AUTOS = YES_AGGRESSIVE;
				GCC_WARN_UNUSED_FUNCTION = YES;
				GCC_WARN_UNUSED_VARIABLE = YES;
				MACOSX_DEPLOYMENT_TARGET = 10.11;
				MTL_ENABLE_DEBUG_INFO = NO;
				SDKROOT = macosx;
			};
			name = Release;
		};
		7D345A1B1C8A6B5400D4FA45 /* Debug */ = {
			isa = XCBuildConfiguration;
			buildSettings = {
				PRODUCT_NAME = "$(TARGET_NAME)";
			};
			name = Debug;
		};
		7D345A1C1C8A6B5400D4FA45 /* Release */ = {
			isa = XCBuildConfiguration;
			buildSettings = {
				PRODUCT_NAME = "$(TARGET_NAME)";
			};
			name = Release;
		};
/* End XCBuildConfiguration section */

/* Begin XCConfigurationList section */
		7D345A0E1C8A6B5400D4FA45 /* Build configuration list for PBXProject "unique" */ = {
			isa = XCConfigurationList;
			buildConfigurations = (
				7D345A181C8A6B5400D4FA45 /* Debug */,
				7D345A191C8A6B5400D4FA45 /* Release */,
			);
			defaultConfigurationIsVisible = 0;
			defaultConfigurationName = Release;
		};
		7D345A1A1C8A6B5400D4FA45 /* Build configuration list for PBXNativeTarget "unique" */ = {
			isa = XCConfigurationList;
			buildConfigurations = (
				7D345A1B1C8A6B5400D4FA45 /* Debug */,
				7D345A1C1C8A6B5400D4FA45 /* Release */,
			);
			defaultConfigurationIsVisible = 0;
		};
/* End XCConfigurationList section */
	};
	rootObject = 7D345A0B1C8A6B5400D4FA45 /* Project object */;
}
