// !$*UTF8*$!
{
	archiveVersion = 1;
	classes = {
	};
	objectVersion = 46;
	objects = {

/* Begin PBXBuildFile section */
		7D18A7FF1C7E965D00AEDFC6 /* main.swift in Sources */ = {isa = PBXBuildFile; fileRef = 7D18A7FE1C7E965D00AEDFC6 /* main.swift */; };
		7D18A8101C7E97A400AEDFC6 /* bufferStreamWrapper.swift in Sources */ = {isa = PBXBuildFile; fileRef = 7D18A80B1C7E97A400AEDFC6 /* bufferStreamWrapper.swift */; };
		7D18A8111C7E97A400AEDFC6 /* common.swift in Sources */ = {isa = PBXBuildFile; fileRef = 7D18A80C1C7E97A400AEDFC6 /* common.swift */; };
		7D18A8121C7E97A400AEDFC6 /* fileHandler.swift in Sources */ = {isa = PBXBuildFile; fileRef = 7D18A80D1C7E97A400AEDFC6 /* fileHandler.swift */; };
		7D18A8131C7E97A400AEDFC6 /* getPut.swift in Sources */ = {isa = PBXBuildFile; fileRef = 7D18A80E1C7E97A400AEDFC6 /* getPut.swift */; };
		7D18A8141C7E97A400AEDFC6 /* tail.swift in Sources */ = {isa = PBXBuildFile; fileRef = 7D18A80F1C7E97A400AEDFC6 /* tail.swift */; };
		7D18A8191C7EAA0500AEDFC6 /* argParser.swift in Sources */ = {isa = PBXBuildFile; fileRef = 7D18A8181C7EAA0500AEDFC6 /* argParser.swift */; };
/* End PBXBuildFile section */

/* Begin PBXCopyFilesBuildPhase section */
		7D18A7F91C7E965D00AEDFC6 /* CopyFiles */ = {
			isa = PBXCopyFilesBuildPhase;
			buildActionMask = 2147483647;
			dstPath = /usr/share/man/man1/;
			dstSubfolderSpec = 0;
			files = (
			);
			runOnlyForDeploymentPostprocessing = 1;
		};
/* End PBXCopyFilesBuildPhase section */

/* Begin PBXFileReference section */
		7D18A7FB1C7E965D00AEDFC6 /* tail */ = {isa = PBXFileReference; explicitFileType = "compiled.mach-o.executable"; includeInIndex = 0; path = tail; sourceTree = BUILT_PRODUCTS_DIR; };
		7D18A7FE1C7E965D00AEDFC6 /* main.swift */ = {isa = PBXFileReference; lastKnownFileType = sourcecode.swift; path = main.swift; sourceTree = "<group>"; };
		7D18A80B1C7E97A400AEDFC6 /* bufferStreamWrapper.swift */ = {isa = PBXFileReference; fileEncoding = 4; lastKnownFileType = sourcecode.swift; name = bufferStreamWrapper.swift; path = "../../software-tools-swift/bufferStreamWrapper.swift"; sourceTree = "<group>"; };
		7D18A80C1C7E97A400AEDFC6 /* common.swift */ = {isa = PBXFileReference; fileEncoding = 4; lastKnownFileType = sourcecode.swift; name = common.swift; path = "../../software-tools-swift/common.swift"; sourceTree = "<group>"; };
		7D18A80D1C7E97A400AEDFC6 /* fileHandler.swift */ = {isa = PBXFileReference; fileEncoding = 4; lastKnownFileType = sourcecode.swift; name = fileHandler.swift; path = "../../software-tools-swift/fileHandler.swift"; sourceTree = "<group>"; };
		7D18A80E1C7E97A400AEDFC6 /* getPut.swift */ = {isa = PBXFileReference; fileEncoding = 4; lastKnownFileType = sourcecode.swift; name = getPut.swift; path = "../../software-tools-swift/getPut.swift"; sourceTree = "<group>"; };
		7D18A80F1C7E97A400AEDFC6 /* tail.swift */ = {isa = PBXFileReference; fileEncoding = 4; lastKnownFileType = sourcecode.swift; name = tail.swift; path = "../../software-tools-swift/tail.swift"; sourceTree = "<group>"; };
		7D18A8181C7EAA0500AEDFC6 /* argParser.swift */ = {isa = PBXFileReference; fileEncoding = 4; lastKnownFileType = sourcecode.swift; name = argParser.swift; path = "../../software-tools-swift/argParser.swift"; sourceTree = "<group>"; };
		7D18A81A1C7EAD7F00AEDFC6 /* buildCommand.sh */ = {isa = PBXFileReference; lastKnownFileType = text.script.sh; path = buildCommand.sh; sourceTree = "<group>"; };
/* End PBXFileReference section */

/* Begin PBXFrameworksBuildPhase section */
		7D18A7F81C7E965D00AEDFC6 /* Frameworks */ = {
			isa = PBXFrameworksBuildPhase;
			buildActionMask = 2147483647;
			files = (
			);
			runOnlyForDeploymentPostprocessing = 0;
		};
/* End PBXFrameworksBuildPhase section */

/* Begin PBXGroup section */
		7D18A7F21C7E965D00AEDFC6 = {
			isa = PBXGroup;
			children = (
				7D18A7FD1C7E965D00AEDFC6 /* tail */,
				7D18A7FC1C7E965D00AEDFC6 /* Products */,
			);
			sourceTree = "<group>";
		};
		7D18A7FC1C7E965D00AEDFC6 /* Products */ = {
			isa = PBXGroup;
			children = (
				7D18A7FB1C7E965D00AEDFC6 /* tail */,
			);
			name = Products;
			sourceTree = "<group>";
		};
		7D18A7FD1C7E965D00AEDFC6 /* tail */ = {
			isa = PBXGroup;
			children = (
				7D18A7FE1C7E965D00AEDFC6 /* main.swift */,
				7D18A80B1C7E97A400AEDFC6 /* bufferStreamWrapper.swift */,
				7D18A80C1C7E97A400AEDFC6 /* common.swift */,
				7D18A80D1C7E97A400AEDFC6 /* fileHandler.swift */,
				7D18A80E1C7E97A400AEDFC6 /* getPut.swift */,
				7D18A80F1C7E97A400AEDFC6 /* tail.swift */,
				7D18A8181C7EAA0500AEDFC6 /* argParser.swift */,
				7D18A81A1C7EAD7F00AEDFC6 /* buildCommand.sh */,
			);
			path = tail;
			sourceTree = "<group>";
		};
/* End PBXGroup section */

/* Begin PBXNativeTarget section */
		7D18A7FA1C7E965D00AEDFC6 /* tail */ = {
			isa = PBXNativeTarget;
			buildConfigurationList = 7D18A8021C7E965D00AEDFC6 /* Build configuration list for PBXNativeTarget "tail" */;
			buildPhases = (
				7D18A7F71C7E965D00AEDFC6 /* Sources */,
				7D18A7F81C7E965D00AEDFC6 /* Frameworks */,
				7D18A7F91C7E965D00AEDFC6 /* CopyFiles */,
			);
			buildRules = (
			);
			dependencies = (
			);
			name = tail;
			productName = tail;
			productReference = 7D18A7FB1C7E965D00AEDFC6 /* tail */;
			productType = "com.apple.product-type.tool";
		};
/* End PBXNativeTarget section */

/* Begin PBXProject section */
		7D18A7F31C7E965D00AEDFC6 /* Project object */ = {
			isa = PBXProject;
			attributes = {
				LastSwiftUpdateCheck = 0720;
				LastUpgradeCheck = 0720;
				ORGANIZATIONNAME = AikawaKazuki;
				TargetAttributes = {
					7D18A7FA1C7E965D00AEDFC6 = {
						CreatedOnToolsVersion = 7.2;
					};
				};
			};
			buildConfigurationList = 7D18A7F61C7E965D00AEDFC6 /* Build configuration list for PBXProject "tail" */;
			compatibilityVersion = "Xcode 3.2";
			developmentRegion = English;
			hasScannedForEncodings = 0;
			knownRegions = (
				en,
			);
			mainGroup = 7D18A7F21C7E965D00AEDFC6;
			productRefGroup = 7D18A7FC1C7E965D00AEDFC6 /* Products */;
			projectDirPath = "";
			projectRoot = "";
			targets = (
				7D18A7FA1C7E965D00AEDFC6 /* tail */,
			);
		};
/* End PBXProject section */

/* Begin PBXSourcesBuildPhase section */
		7D18A7F71C7E965D00AEDFC6 /* Sources */ = {
			isa = PBXSourcesBuildPhase;
			buildActionMask = 2147483647;
			files = (
				7D18A7FF1C7E965D00AEDFC6 /* main.swift in Sources */,
				7D18A8191C7EAA0500AEDFC6 /* argParser.swift in Sources */,
				7D18A8141C7E97A400AEDFC6 /* tail.swift in Sources */,
				7D18A8101C7E97A400AEDFC6 /* bufferStreamWrapper.swift in Sources */,
				7D18A8131C7E97A400AEDFC6 /* getPut.swift in Sources */,
				7D18A8121C7E97A400AEDFC6 /* fileHandler.swift in Sources */,
				7D18A8111C7E97A400AEDFC6 /* common.swift in Sources */,
			);
			runOnlyForDeploymentPostprocessing = 0;
		};
/* End PBXSourcesBuildPhase section */

/* Begin XCBuildConfiguration section */
		7D18A8001C7E965D00AEDFC6 /* Debug */ = {
			isa = XCBuildConfiguration;
			buildSettings = {
				ALWAYS_SEARCH_USER_PATHS = NO;
				CLANG_CXX_LANGUAGE_STANDARD = "gnu++0x";
				CLANG_CXX_LIBRARY = "libc++";
				CLANG_ENABLE_MODULES = YES;
				CLANG_ENABLE_OBJC_ARC = YES;
				CLANG_WARN_BOOL_CONVERSION = YES;
				CLANG_WARN_CONSTANT_CONVERSION = YES;
				CLANG_WARN_DIRECT_OBJC_ISA_USAGE = YES_ERROR;
				CLANG_WARN_EMPTY_BODY = YES;
				CLANG_WARN_ENUM_CONVERSION = YES;
				CLANG_WARN_INT_CONVERSION = YES;
				CLANG_WARN_OBJC_ROOT_CLASS = YES_ERROR;
				CLANG_WARN_UNREACHABLE_CODE = YES;
				CLANG_WARN__DUPLICATE_METHOD_MATCH = YES;
				CODE_SIGN_IDENTITY = "-";
				COPY_PHASE_STRIP = NO;
				DEBUG_INFORMATION_FORMAT = dwarf;
				ENABLE_STRICT_OBJC_MSGSEND = YES;
				ENABLE_TESTABILITY = YES;
				GCC_C_LANGUAGE_STANDARD = gnu99;
				GCC_DYNAMIC_NO_PIC = NO;
				GCC_NO_COMMON_BLOCKS = YES;
				GCC_OPTIMIZATION_LEVEL = 0;
				GCC_PREPROCESSOR_DEFINITIONS = (
					"DEBUG=1",
					"$(inherited)",
				);
				GCC_WARN_64_TO_32_BIT_CONVERSION = YES;
				GCC_WARN_ABOUT_RETURN_TYPE = YES_ERROR;
				GCC_WARN_UNDECLARED_SELECTOR = YES;
				GCC_WARN_UNINITIALIZED_AUTOS = YES_AGGRESSIVE;
				GCC_WARN_UNUSED_FUNCTION = YES;
				GCC_WARN_UNUSED_VARIABLE = YES;
				MACOSX_DEPLOYMENT_TARGET = 10.11;
				MTL_ENABLE_DEBUG_INFO = YES;
				ONLY_ACTIVE_ARCH = YES;
				SDKROOT = macosx;
				SWIFT_OPTIMIZATION_LEVEL = "-Onone";
			};
			name = Debug;
		};
		7D18A8011C7E965D00AEDFC6 /* Release */ = {
			isa = XCBuildConfiguration;
			buildSettings = {
				ALWAYS_SEARCH_USER_PATHS = NO;
				CLANG_CXX_LANGUAGE_STANDARD = "gnu++0x";
				CLANG_CXX_LIBRARY = "libc++";
				CLANG_ENABLE_MODULES = YES;
				CLANG_ENABLE_OBJC_ARC = YES;
				CLANG_WARN_BOOL_CONVERSION = YES;
				CLANG_WARN_CONSTANT_CONVERSION = YES;
				CLANG_WARN_DIRECT_OBJC_ISA_USAGE = YES_ERROR;
				CLANG_WARN_EMPTY_BODY = YES;
				CLANG_WARN_ENUM_CONVERSION = YES;
				CLANG_WARN_INT_CONVERSION = YES;
				CLANG_WARN_OBJC_ROOT_CLASS = YES_ERROR;
				CLANG_WARN_UNREACHABLE_CODE = YES;
				CLANG_WARN__DUPLICATE_METHOD_MATCH = YES;
				CODE_SIGN_IDENTITY = "-";
				COPY_PHASE_STRIP = NO;
				DEBUG_INFORMATION_FORMAT = "dwarf-with-dsym";
				ENABLE_NS_ASSERTIONS = NO;
				ENABLE_STRICT_OBJC_MSGSEND = YES;
				GCC_C_LANGUAGE_STANDARD = gnu99;
				GCC_NO_COMMON_BLOCKS = YES;
				GCC_WARN_64_TO_32_BIT_CONVERSION = YES;
				GCC_WARN_ABOUT_RETURN_TYPE = YES_ERROR;
				GCC_WARN_UNDECLARED_SELECTOR = YES;
				GCC_WARN_UNINITIALIZED_AUTOS = YES_AGGRESSIVE;
				GCC_WARN_UNUSED_FUNCTION = YES;
				GCC_WARN_UNUSED_VARIABLE = YES;
				MACOSX_DEPLOYMENT_TARGET = 10.11;
				MTL_ENABLE_DEBUG_INFO = NO;
				SDKROOT = macosx;
			};
			name = Release;
		};
		7D18A8031C7E965D00AEDFC6 /* Debug */ = {
			isa = XCBuildConfiguration;
			buildSettings = {
				PRODUCT_NAME = "$(TARGET_NAME)";
			};
			name = Debug;
		};
		7D18A8041C7E965D00AEDFC6 /* Release */ = {
			isa = XCBuildConfiguration;
			buildSettings = {
				PRODUCT_NAME = "$(TARGET_NAME)";
			};
			name = Release;
		};
/* End XCBuildConfiguration section */

/* Begin XCConfigurationList section */
		7D18A7F61C7E965D00AEDFC6 /* Build configuration list for PBXProject "tail" */ = {
			isa = XCConfigurationList;
			buildConfigurations = (
				7D18A8001C7E965D00AEDFC6 /* Debug */,
				7D18A8011C7E965D00AEDFC6 /* Release */,
			);
			defaultConfigurationIsVisible = 0;
			defaultConfigurationName = Release;
		};
		7D18A8021C7E965D00AEDFC6 /* Build configuration list for PBXNativeTarget "tail" */ = {
			isa = XCConfigurationList;
			buildConfigurations = (
				7D18A8031C7E965D00AEDFC6 /* Debug */,
				7D18A8041C7E965D00AEDFC6 /* Release */,
			);
			defaultConfigurationIsVisible = 0;
		};
/* End XCConfigurationList section */
	};
	rootObject = 7D18A7F31C7E965D00AEDFC6 /* Project object */;
}
