// !$*UTF8*$!
{
	archiveVersion = 1;
	classes = {
	};
	objectVersion = 46;
	objects = {

/* Begin PBXBuildFile section */
		7DB4247F1C86929000B58053 /* main.swift in Sources */ = {isa = PBXBuildFile; fileRef = 7DB4247E1C86929000B58053 /* main.swift */; };
		7DB4248F1C8692B800B58053 /* common.swift in Sources */ = {isa = PBXBuildFile; fileRef = 7DB4248B1C8692B800B58053 /* common.swift */; };
		7DB424901C8692B800B58053 /* concat.swift in Sources */ = {isa = PBXBuildFile; fileRef = 7DB4248C1C8692B800B58053 /* concat.swift */; };
		7DB424911C8692B800B58053 /* fileHandler.swift in Sources */ = {isa = PBXBuildFile; fileRef = 7DB4248D1C8692B800B58053 /* fileHandler.swift */; };
		7DB424921C8692B800B58053 /* getPut.swift in Sources */ = {isa = PBXBuildFile; fileRef = 7DB4248E1C8692B800B58053 /* getPut.swift */; };
/* End PBXBuildFile section */

/* Begin PBXCopyFilesBuildPhase section */
		7DB424791C86929000B58053 /* CopyFiles */ = {
			isa = PBXCopyFilesBuildPhase;
			buildActionMask = 2147483647;
			dstPath = /usr/share/man/man1/;
			dstSubfolderSpec = 0;
			files = (
			);
			runOnlyForDeploymentPostprocessing = 1;
		};
/* End PBXCopyFilesBuildPhase section */

/* Begin PBXFileReference section */
		7DB4247B1C86929000B58053 /* concat */ = {isa = PBXFileReference; explicitFileType = "compiled.mach-o.executable"; includeInIndex = 0; path = concat; sourceTree = BUILT_PRODUCTS_DIR; };
		7DB4247E1C86929000B58053 /* main.swift */ = {isa = PBXFileReference; lastKnownFileType = sourcecode.swift; path = main.swift; sourceTree = "<group>"; };
		7DB4248B1C8692B800B58053 /* common.swift */ = {isa = PBXFileReference; fileEncoding = 4; lastKnownFileType = sourcecode.swift; name = common.swift; path = "../../software-tools-swift/common.swift"; sourceTree = "<group>"; };
		7DB4248C1C8692B800B58053 /* concat.swift */ = {isa = PBXFileReference; fileEncoding = 4; lastKnownFileType = sourcecode.swift; name = concat.swift; path = "../../software-tools-swift/concat.swift"; sourceTree = "<group>"; };
		7DB4248D1C8692B800B58053 /* fileHandler.swift */ = {isa = PBXFileReference; fileEncoding = 4; lastKnownFileType = sourcecode.swift; name = fileHandler.swift; path = "../../software-tools-swift/fileHandler.swift"; sourceTree = "<group>"; };
		7DB4248E1C8692B800B58053 /* getPut.swift */ = {isa = PBXFileReference; fileEncoding = 4; lastKnownFileType = sourcecode.swift; name = getPut.swift; path = "../../software-tools-swift/getPut.swift"; sourceTree = "<group>"; };
		7DB424931C86945A00B58053 /* buildCommand.sh */ = {isa = PBXFileReference; lastKnownFileType = text.script.sh; path = buildCommand.sh; sourceTree = "<group>"; };
/* End PBXFileReference section */

/* Begin PBXFrameworksBuildPhase section */
		7DB424781C86929000B58053 /* Frameworks */ = {
			isa = PBXFrameworksBuildPhase;
			buildActionMask = 2147483647;
			files = (
			);
			runOnlyForDeploymentPostprocessing = 0;
		};
/* End PBXFrameworksBuildPhase section */

/* Begin PBXGroup section */
		7DB424721C86929000B58053 = {
			isa = PBXGroup;
			children = (
				7DB4247D1C86929000B58053 /* concat */,
				7DB4247C1C86929000B58053 /* Products */,
			);
			sourceTree = "<group>";
		};
		7DB4247C1C86929000B58053 /* Products */ = {
			isa = PBXGroup;
			children = (
				7DB4247B1C86929000B58053 /* concat */,
			);
			name = Products;
			sourceTree = "<group>";
		};
		7DB4247D1C86929000B58053 /* concat */ = {
			isa = PBXGroup;
			children = (
				7DB4247E1C86929000B58053 /* main.swift */,
				7DB4248B1C8692B800B58053 /* common.swift */,
				7DB4248C1C8692B800B58053 /* concat.swift */,
				7DB4248D1C8692B800B58053 /* fileHandler.swift */,
				7DB4248E1C8692B800B58053 /* getPut.swift */,
				7DB424931C86945A00B58053 /* buildCommand.sh */,
			);
			path = concat;
			sourceTree = "<group>";
		};
/* End PBXGroup section */

/* Begin PBXNativeTarget section */
		7DB4247A1C86929000B58053 /* concat */ = {
			isa = PBXNativeTarget;
			buildConfigurationList = 7DB424821C86929000B58053 /* Build configuration list for PBXNativeTarget "concat" */;
			buildPhases = (
				7DB424771C86929000B58053 /* Sources */,
				7DB424781C86929000B58053 /* Frameworks */,
				7DB424791C86929000B58053 /* CopyFiles */,
			);
			buildRules = (
			);
			dependencies = (
			);
			name = concat;
			productName = concat;
			productReference = 7DB4247B1C86929000B58053 /* concat */;
			productType = "com.apple.product-type.tool";
		};
/* End PBXNativeTarget section */

/* Begin PBXProject section */
		7DB424731C86929000B58053 /* Project object */ = {
			isa = PBXProject;
			attributes = {
				LastSwiftUpdateCheck = 0720;
				LastUpgradeCheck = 0720;
				ORGANIZATIONNAME = AikawaKazuki;
				TargetAttributes = {
					7DB4247A1C86929000B58053 = {
						CreatedOnToolsVersion = 7.2;
					};
				};
			};
			buildConfigurationList = 7DB424761C86929000B58053 /* Build configuration list for PBXProject "concat" */;
			compatibilityVersion = "Xcode 3.2";
			developmentRegion = English;
			hasScannedForEncodings = 0;
			knownRegions = (
				en,
			);
			mainGroup = 7DB424721C86929000B58053;
			productRefGroup = 7DB4247C1C86929000B58053 /* Products */;
			projectDirPath = "";
			projectRoot = "";
			targets = (
				7DB4247A1C86929000B58053 /* concat */,
			);
		};
/* End PBXProject section */

/* Begin PBXSourcesBuildPhase section */
		7DB424771C86929000B58053 /* Sources */ = {
			isa = PBXSourcesBuildPhase;
			buildActionMask = 2147483647;
			files = (
				7DB4248F1C8692B800B58053 /* common.swift in Sources */,
				7DB4247F1C86929000B58053 /* main.swift in Sources */,
				7DB424921C8692B800B58053 /* getPut.swift in Sources */,
				7DB424911C8692B800B58053 /* fileHandler.swift in Sources */,
				7DB424901C8692B800B58053 /* concat.swift in Sources */,
			);
			runOnlyForDeploymentPostprocessing = 0;
		};
/* End PBXSourcesBuildPhase section */

/* Begin XCBuildConfiguration section */
		7DB424801C86929000B58053 /* Debug */ = {
			isa = XCBuildConfiguration;
			buildSettings = {
				ALWAYS_SEARCH_USER_PATHS = NO;
				CLANG_CXX_LANGUAGE_STANDARD = "gnu++0x";
				CLANG_CXX_LIBRARY = "libc++";
				CLANG_ENABLE_MODULES = YES;
				CLANG_ENABLE_OBJC_ARC = YES;
				CLANG_WARN_BOOL_CONVERSION = YES;
				CLANG_WARN_CONSTANT_CONVERSION = YES;
				CLANG_WARN_DIRECT_OBJC_ISA_USAGE = YES_ERROR;
				CLANG_WARN_EMPTY_BODY = YES;
				CLANG_WARN_ENUM_CONVERSION = YES;
				CLANG_WARN_INT_CONVERSION = YES;
				CLANG_WARN_OBJC_ROOT_CLASS = YES_ERROR;
				CLANG_WARN_UNREACHABLE_CODE = YES;
				CLANG_WARN__DUPLICATE_METHOD_MATCH = YES;
				CODE_SIGN_IDENTITY = "-";
				COPY_PHASE_STRIP = NO;
				DEBUG_INFORMATION_FORMAT = dwarf;
				ENABLE_STRICT_OBJC_MSGSEND = YES;
				ENABLE_TESTABILITY = YES;
				GCC_C_LANGUAGE_STANDARD = gnu99;
				GCC_DYNAMIC_NO_PIC = NO;
				GCC_NO_COMMON_BLOCKS = YES;
				GCC_OPTIMIZATION_LEVEL = 0;
				GCC_PREPROCESSOR_DEFINITIONS = (
					"DEBUG=1",
					"$(inherited)",
				);
				GCC_WARN_64_TO_32_BIT_CONVERSION = YES;
				GCC_WARN_ABOUT_RETURN_TYPE = YES_ERROR;
				GCC_WARN_UNDECLARED_SELECTOR = YES;
				GCC_WARN_UNINITIALIZED_AUTOS = YES_AGGRESSIVE;
				GCC_WARN_UNUSED_FUNCTION = YES;
				GCC_WARN_UNUSED_VARIABLE = YES;
				MACOSX_DEPLOYMENT_TARGET = 10.11;
				MTL_ENABLE_DEBUG_INFO = YES;
				ONLY_ACTIVE_ARCH = YES;
				SDKROOT = macosx;
				SWIFT_OPTIMIZATION_LEVEL = "-Onone";
			};
			name = Debug;
		};
		7DB424811C86929000B58053 /* Release */ = {
			isa = XCBuildConfiguration;
			buildSettings = {
				ALWAYS_SEARCH_USER_PATHS = NO;
				CLANG_CXX_LANGUAGE_STANDARD = "gnu++0x";
				CLANG_CXX_LIBRARY = "libc++";
				CLANG_ENABLE_MODULES = YES;
				CLANG_ENABLE_OBJC_ARC = YES;
				CLANG_WARN_BOOL_CONVERSION = YES;
				CLANG_WARN_CONSTANT_CONVERSION = YES;
				CLANG_WARN_DIRECT_OBJC_ISA_USAGE = YES_ERROR;
				CLANG_WARN_EMPTY_BODY = YES;
				CLANG_WARN_ENUM_CONVERSION = YES;
				CLANG_WARN_INT_CONVERSION = YES;
				CLANG_WARN_OBJC_ROOT_CLASS = YES_ERROR;
				CLANG_WARN_UNREACHABLE_CODE = YES;
				CLANG_WARN__DUPLICATE_METHOD_MATCH = YES;
				CODE_SIGN_IDENTITY = "-";
				COPY_PHASE_STRIP = NO;
				DEBUG_INFORMATION_FORMAT = "dwarf-with-dsym";
				ENABLE_NS_ASSERTIONS = NO;
				ENABLE_STRICT_OBJC_MSGSEND = YES;
				GCC_C_LANGUAGE_STANDARD = gnu99;
				GCC_NO_COMMON_BLOCKS = YES;
				GCC_WARN_64_TO_32_BIT_CONVERSION = YES;
				GCC_WARN_ABOUT_RETURN_TYPE = YES_ERROR;
				GCC_WARN_UNDECLARED_SELECTOR = YES;
				GCC_WARN_UNINITIALIZED_AUTOS = YES_AGGRESSIVE;
				GCC_WARN_UNUSED_FUNCTION = YES;
				GCC_WARN_UNUSED_VARIABLE = YES;
				MACOSX_DEPLOYMENT_TARGET = 10.11;
				MTL_ENABLE_DEBUG_INFO = NO;
				SDKROOT = macosx;
			};
			name = Release;
		};
		7DB424831C86929000B58053 /* Debug */ = {
			isa = XCBuildConfiguration;
			buildSettings = {
				PRODUCT_NAME = "$(TARGET_NAME)";
			};
			name = Debug;
		};
		7DB424841C86929000B58053 /* Release */ = {
			isa = XCBuildConfiguration;
			buildSettings = {
				PRODUCT_NAME = "$(TARGET_NAME)";
			};
			name = Release;
		};
/* End XCBuildConfiguration section */

/* Begin XCConfigurationList section */
		7DB424761C86929000B58053 /* Build configuration list for PBXProject "concat" */ = {
			isa = XCConfigurationList;
			buildConfigurations = (
				7DB424801C86929000B58053 /* Debug */,
				7DB424811C86929000B58053 /* Release */,
			);
			defaultConfigurationIsVisible = 0;
			defaultConfigurationName = Release;
		};
		7DB424821C86929000B58053 /* Build configuration list for PBXNativeTarget "concat" */ = {
			isa = XCConfigurationList;
			buildConfigurations = (
				7DB424831C86929000B58053 /* Debug */,
				7DB424841C86929000B58053 /* Release */,
			);
			defaultConfigurationIsVisible = 0;
		};
/* End XCConfigurationList section */
	};
	rootObject = 7DB424731C86929000B58053 /* Project object */;
}
