// !$*UTF8*$!
{
	archiveVersion = 1;
	classes = {
	};
	objectVersion = 46;
	objects = {

/* Begin PBXBuildFile section */
		7D18A7E71C7D575200AEDFC6 /* common.swift in Sources */ = {isa = PBXBuildFile; fileRef = 7D18A7E61C7D575200AEDFC6 /* common.swift */; };
		7D18A7EE1C7D581C00AEDFC6 /* common.swift in Sources */ = {isa = PBXBuildFile; fileRef = 7D18A7E61C7D575200AEDFC6 /* common.swift */; };
		7D65582A1C7AC372006DCF88 /* main.swift in Sources */ = {isa = PBXBuildFile; fileRef = 7D6558291C7AC372006DCF88 /* main.swift */; };
		7D65584A1C7AC3CF006DCF88 /* copy.swift in Sources */ = {isa = PBXBuildFile; fileRef = 7D6558491C7AC3CF006DCF88 /* copy.swift */; };
		7D6558561C7AF6C9006DCF88 /* getPut.swift in Sources */ = {isa = PBXBuildFile; fileRef = 7D6558551C7AF6C9006DCF88 /* getPut.swift */; };
		7D6558591C7AF6E9006DCF88 /* bufferStreamWrapper.swift in Sources */ = {isa = PBXBuildFile; fileRef = 7D6558581C7AF6E9006DCF88 /* bufferStreamWrapper.swift */; };
		7D65585B1C7AF717006DCF88 /* fileHandler.swift in Sources */ = {isa = PBXBuildFile; fileRef = 7D65585A1C7AF717006DCF88 /* fileHandler.swift */; };
		7D6558781C7B0370006DCF88 /* compress.swift in Sources */ = {isa = PBXBuildFile; fileRef = 7D6558711C7B0370006DCF88 /* compress.swift */; };
		7D6558791C7B0370006DCF88 /* count.swift in Sources */ = {isa = PBXBuildFile; fileRef = 7D6558721C7B0370006DCF88 /* count.swift */; };
		7D65587A1C7B0370006DCF88 /* detab.swift in Sources */ = {isa = PBXBuildFile; fileRef = 7D6558731C7B0370006DCF88 /* detab.swift */; };
		7D65587B1C7B0370006DCF88 /* echo.swift in Sources */ = {isa = PBXBuildFile; fileRef = 7D6558741C7B0370006DCF88 /* echo.swift */; };
		7D65587C1C7B0370006DCF88 /* expand.swift in Sources */ = {isa = PBXBuildFile; fileRef = 7D6558751C7B0370006DCF88 /* expand.swift */; };
		7D6558851C7B03AD006DCF88 /* software_tools_test.swift in Sources */ = {isa = PBXBuildFile; fileRef = 7D6558841C7B03AD006DCF88 /* software_tools_test.swift */; };
		7D6559281C7C15CE006DCF88 /* crypt.swift in Sources */ = {isa = PBXBuildFile; fileRef = 7D6559271C7C15CE006DCF88 /* crypt.swift */; };
		7D65594D1C7C277D006DCF88 /* compress.swift in Sources */ = {isa = PBXBuildFile; fileRef = 7D6558711C7B0370006DCF88 /* compress.swift */; };
		7D65594E1C7C277D006DCF88 /* count.swift in Sources */ = {isa = PBXBuildFile; fileRef = 7D6558721C7B0370006DCF88 /* count.swift */; };
		7D65594F1C7C277D006DCF88 /* detab.swift in Sources */ = {isa = PBXBuildFile; fileRef = 7D6558731C7B0370006DCF88 /* detab.swift */; };
		7D6559501C7C277D006DCF88 /* echo.swift in Sources */ = {isa = PBXBuildFile; fileRef = 7D6558741C7B0370006DCF88 /* echo.swift */; };
		7D6559511C7C277D006DCF88 /* expand.swift in Sources */ = {isa = PBXBuildFile; fileRef = 7D6558751C7B0370006DCF88 /* expand.swift */; };
		7D6559521C7C277D006DCF88 /* main.swift in Sources */ = {isa = PBXBuildFile; fileRef = 7D6558291C7AC372006DCF88 /* main.swift */; };
		7D6559531C7C277D006DCF88 /* copy.swift in Sources */ = {isa = PBXBuildFile; fileRef = 7D6558491C7AC3CF006DCF88 /* copy.swift */; };
		7D6559541C7C277D006DCF88 /* getPut.swift in Sources */ = {isa = PBXBuildFile; fileRef = 7D6558551C7AF6C9006DCF88 /* getPut.swift */; };
		7D6559551C7C277D006DCF88 /* bufferStreamWrapper.swift in Sources */ = {isa = PBXBuildFile; fileRef = 7D6558581C7AF6E9006DCF88 /* bufferStreamWrapper.swift */; };
		7D6559561C7C277D006DCF88 /* fileHandler.swift in Sources */ = {isa = PBXBuildFile; fileRef = 7D65585A1C7AF717006DCF88 /* fileHandler.swift */; };
		7D6559571C7C277D006DCF88 /* crypt.swift in Sources */ = {isa = PBXBuildFile; fileRef = 7D6559271C7C15CE006DCF88 /* crypt.swift */; };
		7D65596A1C7C3D96006DCF88 /* tralslit.swift in Sources */ = {isa = PBXBuildFile; fileRef = 7D6559691C7C3D96006DCF88 /* tralslit.swift */; };
		7D65596B1C7C3E5B006DCF88 /* tralslit.swift in Sources */ = {isa = PBXBuildFile; fileRef = 7D6559691C7C3D96006DCF88 /* tralslit.swift */; };
/* End PBXBuildFile section */

/* Begin PBXContainerItemProxy section */
		7D6558471C7AC3B4006DCF88 /* PBXContainerItemProxy */ = {
			isa = PBXContainerItemProxy;
			containerPortal = 7D6558431C7AC3B4006DCF88 /* copy.xcodeproj */;
			proxyType = 2;
			remoteGlobalIDString = 7D6558391C7AC3B4006DCF88;
			remoteInfo = copy;
		};
		7D6558AB1C7B0526006DCF88 /* PBXContainerItemProxy */ = {
			isa = PBXContainerItemProxy;
			containerPortal = 7D6558A71C7B0525006DCF88 /* wordcount.xcodeproj */;
			proxyType = 2;
			remoteGlobalIDString = 7D65589D1C7B0525006DCF88;
			remoteInfo = wordcount;
		};
		7D6558CF1C7BDBAC006DCF88 /* PBXContainerItemProxy */ = {
			isa = PBXContainerItemProxy;
			containerPortal = 7D6558CB1C7BDBAB006DCF88 /* detab.xcodeproj */;
			proxyType = 2;
			remoteGlobalIDString = 7D6558C11C7BDBAB006DCF88;
			remoteInfo = detab;
		};
		7D6558F21C7BE171006DCF88 /* PBXContainerItemProxy */ = {
			isa = PBXContainerItemProxy;
			containerPortal = 7D6558EE1C7BE170006DCF88 /* compress.xcodeproj */;
			proxyType = 2;
			remoteGlobalIDString = 7D6558E41C7BE170006DCF88;
			remoteInfo = compress;
		};
		7D65590E1C7BF486006DCF88 /* PBXContainerItemProxy */ = {
			isa = PBXContainerItemProxy;
			containerPortal = 7D65590A1C7BF485006DCF88 /* expand.xcodeproj */;
			proxyType = 2;
			remoteGlobalIDString = 7D6559001C7BF485006DCF88;
			remoteInfo = expand;
		};
		7D6559401C7C1834006DCF88 /* PBXContainerItemProxy */ = {
			isa = PBXContainerItemProxy;
			containerPortal = 7D65593C1C7C1833006DCF88 /* crypt.xcodeproj */;
			proxyType = 2;
			remoteGlobalIDString = 7D6559321C7C1833006DCF88;
			remoteInfo = crypt;
		};
/* End PBXContainerItemProxy section */

/* Begin PBXCopyFilesBuildPhase section */
		7D6558241C7AC372006DCF88 /* CopyFiles */ = {
			isa = PBXCopyFilesBuildPhase;
			buildActionMask = 2147483647;
			dstPath = /usr/share/man/man1/;
			dstSubfolderSpec = 0;
			files = (
			);
			runOnlyForDeploymentPostprocessing = 1;
		};
/* End PBXCopyFilesBuildPhase section */

/* Begin PBXFileReference section */
		7D18A7E61C7D575200AEDFC6 /* common.swift */ = {isa = PBXFileReference; fileEncoding = 4; lastKnownFileType = sourcecode.swift; path = common.swift; sourceTree = "<group>"; };
		7D6558261C7AC372006DCF88 /* software-tools-swift */ = {isa = PBXFileReference; explicitFileType = "compiled.mach-o.executable"; includeInIndex = 0; path = "software-tools-swift"; sourceTree = BUILT_PRODUCTS_DIR; };
		7D6558291C7AC372006DCF88 /* main.swift */ = {isa = PBXFileReference; lastKnownFileType = sourcecode.swift; path = main.swift; sourceTree = "<group>"; };
		7D6558431C7AC3B4006DCF88 /* copy.xcodeproj */ = {isa = PBXFileReference; lastKnownFileType = "wrapper.pb-project"; name = copy.xcodeproj; path = copy/copy.xcodeproj; sourceTree = "<group>"; };
		7D6558491C7AC3CF006DCF88 /* copy.swift */ = {isa = PBXFileReference; fileEncoding = 4; lastKnownFileType = sourcecode.swift; path = copy.swift; sourceTree = "<group>"; };
		7D6558551C7AF6C9006DCF88 /* getPut.swift */ = {isa = PBXFileReference; fileEncoding = 4; lastKnownFileType = sourcecode.swift; path = getPut.swift; sourceTree = "<group>"; };
		7D6558581C7AF6E9006DCF88 /* bufferStreamWrapper.swift */ = {isa = PBXFileReference; fileEncoding = 4; lastKnownFileType = sourcecode.swift; path = bufferStreamWrapper.swift; sourceTree = "<group>"; };
		7D65585A1C7AF717006DCF88 /* fileHandler.swift */ = {isa = PBXFileReference; fileEncoding = 4; lastKnownFileType = sourcecode.swift; path = fileHandler.swift; sourceTree = "<group>"; };
		7D6558711C7B0370006DCF88 /* compress.swift */ = {isa = PBXFileReference; fileEncoding = 4; lastKnownFileType = sourcecode.swift; path = compress.swift; sourceTree = "<group>"; };
		7D6558721C7B0370006DCF88 /* count.swift */ = {isa = PBXFileReference; fileEncoding = 4; lastKnownFileType = sourcecode.swift; path = count.swift; sourceTree = "<group>"; };
		7D6558731C7B0370006DCF88 /* detab.swift */ = {isa = PBXFileReference; fileEncoding = 4; lastKnownFileType = sourcecode.swift; path = detab.swift; sourceTree = "<group>"; };
		7D6558741C7B0370006DCF88 /* echo.swift */ = {isa = PBXFileReference; fileEncoding = 4; lastKnownFileType = sourcecode.swift; path = echo.swift; sourceTree = "<group>"; };
		7D6558751C7B0370006DCF88 /* expand.swift */ = {isa = PBXFileReference; fileEncoding = 4; lastKnownFileType = sourcecode.swift; path = expand.swift; sourceTree = "<group>"; };
		7D6558761C7B0370006DCF88 /* in.txt */ = {isa = PBXFileReference; fileEncoding = 4; lastKnownFileType = text; path = in.txt; sourceTree = "<group>"; };
		7D6558771C7B0370006DCF88 /* out.txt */ = {isa = PBXFileReference; fileEncoding = 4; lastKnownFileType = text; path = out.txt; sourceTree = "<group>"; };
		7D6558821C7B03AD006DCF88 /* software-tools-test.xctest */ = {isa = PBXFileReference; explicitFileType = wrapper.cfbundle; includeInIndex = 0; path = "software-tools-test.xctest"; sourceTree = BUILT_PRODUCTS_DIR; };
		7D6558841C7B03AD006DCF88 /* software_tools_test.swift */ = {isa = PBXFileReference; lastKnownFileType = sourcecode.swift; path = software_tools_test.swift; sourceTree = "<group>"; };
		7D6558861C7B03AD006DCF88 /* Info.plist */ = {isa = PBXFileReference; lastKnownFileType = text.plist.xml; path = Info.plist; sourceTree = "<group>"; };
		7D6558A71C7B0525006DCF88 /* wordcount.xcodeproj */ = {isa = PBXFileReference; lastKnownFileType = "wrapper.pb-project"; name = wordcount.xcodeproj; path = wordcount/wordcount.xcodeproj; sourceTree = "<group>"; };
		7D6558CB1C7BDBAB006DCF88 /* detab.xcodeproj */ = {isa = PBXFileReference; lastKnownFileType = "wrapper.pb-project"; name = detab.xcodeproj; path = detab/detab.xcodeproj; sourceTree = "<group>"; };
		7D6558EE1C7BE170006DCF88 /* compress.xcodeproj */ = {isa = PBXFileReference; lastKnownFileType = "wrapper.pb-project"; name = compress.xcodeproj; path = compress/compress.xcodeproj; sourceTree = "<group>"; };
		7D65590A1C7BF485006DCF88 /* expand.xcodeproj */ = {isa = PBXFileReference; lastKnownFileType = "wrapper.pb-project"; name = expand.xcodeproj; path = expand/expand.xcodeproj; sourceTree = "<group>"; };
		7D6559271C7C15CE006DCF88 /* crypt.swift */ = {isa = PBXFileReference; fileEncoding = 4; lastKnownFileType = sourcecode.swift; path = crypt.swift; sourceTree = "<group>"; };
		7D65593C1C7C1833006DCF88 /* crypt.xcodeproj */ = {isa = PBXFileReference; lastKnownFileType = "wrapper.pb-project"; name = crypt.xcodeproj; path = crypt/crypt.xcodeproj; sourceTree = "<group>"; };
		7D6559691C7C3D96006DCF88 /* tralslit.swift */ = {isa = PBXFileReference; fileEncoding = 4; lastKnownFileType = sourcecode.swift; path = tralslit.swift; sourceTree = "<group>"; };
/* End PBXFileReference section */

/* Begin PBXFrameworksBuildPhase section */
		7D6558231C7AC372006DCF88 /* Frameworks */ = {
			isa = PBXFrameworksBuildPhase;
			buildActionMask = 2147483647;
			files = (
			);
			runOnlyForDeploymentPostprocessing = 0;
		};
		7D65587F1C7B03AD006DCF88 /* Frameworks */ = {
			isa = PBXFrameworksBuildPhase;
			buildActionMask = 2147483647;
			files = (
			);
			runOnlyForDeploymentPostprocessing = 0;
		};
/* End PBXFrameworksBuildPhase section */

/* Begin PBXGroup section */
		7D65581D1C7AC372006DCF88 = {
			isa = PBXGroup;
			children = (
				7D65593C1C7C1833006DCF88 /* crypt.xcodeproj */,
				7D65590A1C7BF485006DCF88 /* expand.xcodeproj */,
				7D6558EE1C7BE170006DCF88 /* compress.xcodeproj */,
				7D6558CB1C7BDBAB006DCF88 /* detab.xcodeproj */,
				7D6558A71C7B0525006DCF88 /* wordcount.xcodeproj */,
				7D6558431C7AC3B4006DCF88 /* copy.xcodeproj */,
				7D6558281C7AC372006DCF88 /* software-tools-swift */,
				7D6558831C7B03AD006DCF88 /* software-tools-test */,
				7D6558271C7AC372006DCF88 /* Products */,
			);
			sourceTree = "<group>";
		};
		7D6558271C7AC372006DCF88 /* Products */ = {
			isa = PBXGroup;
			children = (
				7D6558261C7AC372006DCF88 /* software-tools-swift */,
				7D6558821C7B03AD006DCF88 /* software-tools-test.xctest */,
			);
			name = Products;
			sourceTree = "<group>";
		};
		7D6558281C7AC372006DCF88 /* software-tools-swift */ = {
			isa = PBXGroup;
			children = (
				7D6558711C7B0370006DCF88 /* compress.swift */,
				7D6558721C7B0370006DCF88 /* count.swift */,
				7D6558731C7B0370006DCF88 /* detab.swift */,
				7D6558741C7B0370006DCF88 /* echo.swift */,
				7D6558751C7B0370006DCF88 /* expand.swift */,
				7D6558291C7AC372006DCF88 /* main.swift */,
				7D6558491C7AC3CF006DCF88 /* copy.swift */,
				7D6558551C7AF6C9006DCF88 /* getPut.swift */,
				7D6558581C7AF6E9006DCF88 /* bufferStreamWrapper.swift */,
				7D65585A1C7AF717006DCF88 /* fileHandler.swift */,
				7D6559271C7C15CE006DCF88 /* crypt.swift */,
				7D6559691C7C3D96006DCF88 /* tralslit.swift */,
				7D18A7E61C7D575200AEDFC6 /* common.swift */,
				7D65587D1C7B0377006DCF88 /* data */,
			);
			path = "software-tools-swift";
			sourceTree = "<group>";
		};
		7D6558441C7AC3B4006DCF88 /* Products */ = {
			isa = PBXGroup;
			children = (
				7D6558481C7AC3B4006DCF88 /* copy */,
			);
			name = Products;
			sourceTree = "<group>";
		};
		7D65587D1C7B0377006DCF88 /* data */ = {
			isa = PBXGroup;
			children = (
				7D6558761C7B0370006DCF88 /* in.txt */,
				7D6558771C7B0370006DCF88 /* out.txt */,
			);
			name = data;
			sourceTree = "<group>";
		};
		7D6558831C7B03AD006DCF88 /* software-tools-test */ = {
			isa = PBXGroup;
			children = (
				7D6558841C7B03AD006DCF88 /* software_tools_test.swift */,
				7D6558861C7B03AD006DCF88 /* Info.plist */,
			);
			path = "software-tools-test";
			sourceTree = "<group>";
		};
		7D6558A81C7B0525006DCF88 /* Products */ = {
			isa = PBXGroup;
			children = (
				7D6558AC1C7B0526006DCF88 /* wordcount */,
			);
			name = Products;
			sourceTree = "<group>";
		};
		7D6558CC1C7BDBAB006DCF88 /* Products */ = {
			isa = PBXGroup;
			children = (
				7D6558D01C7BDBAC006DCF88 /* detab */,
			);
			name = Products;
			sourceTree = "<group>";
		};
		7D6558EF1C7BE170006DCF88 /* Products */ = {
			isa = PBXGroup;
			children = (
				7D6558F31C7BE171006DCF88 /* compress */,
			);
			name = Products;
			sourceTree = "<group>";
		};
		7D65590B1C7BF485006DCF88 /* Products */ = {
			isa = PBXGroup;
			children = (
				7D65590F1C7BF486006DCF88 /* expand */,
			);
			name = Products;
			sourceTree = "<group>";
		};
		7D65593D1C7C1833006DCF88 /* Products */ = {
			isa = PBXGroup;
			children = (
				7D6559411C7C1834006DCF88 /* crypt */,
			);
			name = Products;
			sourceTree = "<group>";
		};
/* End PBXGroup section */

/* Begin PBXNativeTarget section */
		7D6558251C7AC372006DCF88 /* software-tools-swift */ = {
			isa = PBXNativeTarget;
			buildConfigurationList = 7D65582D1C7AC372006DCF88 /* Build configuration list for PBXNativeTarget "software-tools-swift" */;
			buildPhases = (
				7D6558221C7AC372006DCF88 /* Sources */,
				7D6558231C7AC372006DCF88 /* Frameworks */,
				7D6558241C7AC372006DCF88 /* CopyFiles */,
			);
			buildRules = (
			);
			dependencies = (
			);
			name = "software-tools-swift";
			productName = "software-tools-swift";
			productReference = 7D6558261C7AC372006DCF88 /* software-tools-swift */;
			productType = "com.apple.product-type.tool";
		};
		7D6558811C7B03AD006DCF88 /* software-tools-test */ = {
			isa = PBXNativeTarget;
			buildConfigurationList = 7D6558871C7B03AD006DCF88 /* Build configuration list for PBXNativeTarget "software-tools-test" */;
			buildPhases = (
				7D65587E1C7B03AD006DCF88 /* Sources */,
				7D65587F1C7B03AD006DCF88 /* Frameworks */,
				7D6558801C7B03AD006DCF88 /* Resources */,
			);
			buildRules = (
			);
			dependencies = (
			);
			name = "software-tools-test";
			productName = "software-tools-test";
			productReference = 7D6558821C7B03AD006DCF88 /* software-tools-test.xctest */;
			productType = "com.apple.product-type.bundle.unit-test";
		};
/* End PBXNativeTarget section */

/* Begin PBXProject section */
		7D65581E1C7AC372006DCF88 /* Project object */ = {
			isa = PBXProject;
			attributes = {
				LastSwiftUpdateCheck = 0720;
				LastUpgradeCheck = 0720;
				ORGANIZATIONNAME = AikawaKazuki;
				TargetAttributes = {
					7D6558251C7AC372006DCF88 = {
						CreatedOnToolsVersion = 7.2;
					};
					7D6558811C7B03AD006DCF88 = {
						CreatedOnToolsVersion = 7.2;
					};
				};
			};
			buildConfigurationList = 7D6558211C7AC372006DCF88 /* Build configuration list for PBXProject "software-tools-swift" */;
			compatibilityVersion = "Xcode 3.2";
			developmentRegion = English;
			hasScannedForEncodings = 0;
			knownRegions = (
				en,
			);
			mainGroup = 7D65581D1C7AC372006DCF88;
			productRefGroup = 7D6558271C7AC372006DCF88 /* Products */;
			projectDirPath = "";
			projectReferences = (
				{
					ProductGroup = 7D6558EF1C7BE170006DCF88 /* Products */;
					ProjectRef = 7D6558EE1C7BE170006DCF88 /* compress.xcodeproj */;
				},
				{
					ProductGroup = 7D6558441C7AC3B4006DCF88 /* Products */;
					ProjectRef = 7D6558431C7AC3B4006DCF88 /* copy.xcodeproj */;
				},
				{
					ProductGroup = 7D65593D1C7C1833006DCF88 /* Products */;
					ProjectRef = 7D65593C1C7C1833006DCF88 /* crypt.xcodeproj */;
				},
				{
					ProductGroup = 7D6558CC1C7BDBAB006DCF88 /* Products */;
					ProjectRef = 7D6558CB1C7BDBAB006DCF88 /* detab.xcodeproj */;
				},
				{
					ProductGroup = 7D65590B1C7BF485006DCF88 /* Products */;
					ProjectRef = 7D65590A1C7BF485006DCF88 /* expand.xcodeproj */;
				},
				{
					ProductGroup = 7D6558A81C7B0525006DCF88 /* Products */;
					ProjectRef = 7D6558A71C7B0525006DCF88 /* wordcount.xcodeproj */;
				},
			);
			projectRoot = "";
			targets = (
				7D6558251C7AC372006DCF88 /* software-tools-swift */,
				7D6558811C7B03AD006DCF88 /* software-tools-test */,
			);
		};
/* End PBXProject section */

/* Begin PBXReferenceProxy section */
		7D6558481C7AC3B4006DCF88 /* copy */ = {
			isa = PBXReferenceProxy;
			fileType = "compiled.mach-o.executable";
			path = copy;
			remoteRef = 7D6558471C7AC3B4006DCF88 /* PBXContainerItemProxy */;
			sourceTree = BUILT_PRODUCTS_DIR;
		};
		7D6558AC1C7B0526006DCF88 /* wordcount */ = {
			isa = PBXReferenceProxy;
			fileType = "compiled.mach-o.executable";
			path = wordcount;
			remoteRef = 7D6558AB1C7B0526006DCF88 /* PBXContainerItemProxy */;
			sourceTree = BUILT_PRODUCTS_DIR;
		};
		7D6558D01C7BDBAC006DCF88 /* detab */ = {
			isa = PBXReferenceProxy;
			fileType = "compiled.mach-o.executable";
			path = detab;
			remoteRef = 7D6558CF1C7BDBAC006DCF88 /* PBXContainerItemProxy */;
			sourceTree = BUILT_PRODUCTS_DIR;
		};
		7D6558F31C7BE171006DCF88 /* compress */ = {
			isa = PBXReferenceProxy;
			fileType = "compiled.mach-o.executable";
			path = compress;
			remoteRef = 7D6558F21C7BE171006DCF88 /* PBXContainerItemProxy */;
			sourceTree = BUILT_PRODUCTS_DIR;
		};
		7D65590F1C7BF486006DCF88 /* expand */ = {
			isa = PBXReferenceProxy;
			fileType = "compiled.mach-o.executable";
			path = expand;
			remoteRef = 7D65590E1C7BF486006DCF88 /* PBXContainerItemProxy */;
			sourceTree = BUILT_PRODUCTS_DIR;
		};
		7D6559411C7C1834006DCF88 /* crypt */ = {
			isa = PBXReferenceProxy;
			fileType = "compiled.mach-o.executable";
			path = crypt;
			remoteRef = 7D6559401C7C1834006DCF88 /* PBXContainerItemProxy */;
			sourceTree = BUILT_PRODUCTS_DIR;
		};
/* End PBXReferenceProxy section */

/* Begin PBXResourcesBuildPhase section */
		7D6558801C7B03AD006DCF88 /* Resources */ = {
			isa = PBXResourcesBuildPhase;
			buildActionMask = 2147483647;
			files = (
			);
			runOnlyForDeploymentPostprocessing = 0;
		};
/* End PBXResourcesBuildPhase section */

/* Begin PBXSourcesBuildPhase section */
		7D6558221C7AC372006DCF88 /* Sources */ = {
			isa = PBXSourcesBuildPhase;
			buildActionMask = 2147483647;
			files = (
				7D65584A1C7AC3CF006DCF88 /* copy.swift in Sources */,
				7D6559281C7C15CE006DCF88 /* crypt.swift in Sources */,
				7D18A7E71C7D575200AEDFC6 /* common.swift in Sources */,
				7D65587C1C7B0370006DCF88 /* expand.swift in Sources */,
				7D6558781C7B0370006DCF88 /* compress.swift in Sources */,
				7D6558791C7B0370006DCF88 /* count.swift in Sources */,
				7D65587B1C7B0370006DCF88 /* echo.swift in Sources */,
				7D6558561C7AF6C9006DCF88 /* getPut.swift in Sources */,
				7D65582A1C7AC372006DCF88 /* main.swift in Sources */,
				7D65596A1C7C3D96006DCF88 /* tralslit.swift in Sources */,
				7D65585B1C7AF717006DCF88 /* fileHandler.swift in Sources */,
				7D65587A1C7B0370006DCF88 /* detab.swift in Sources */,
				7D6558591C7AF6E9006DCF88 /* bufferStreamWrapper.swift in Sources */,
			);
			runOnlyForDeploymentPostprocessing = 0;
		};
		7D65587E1C7B03AD006DCF88 /* Sources */ = {
			isa = PBXSourcesBuildPhase;
			buildActionMask = 2147483647;
			files = (
				7D18A7EE1C7D581C00AEDFC6 /* common.swift in Sources */,
				7D6559531C7C277D006DCF88 /* copy.swift in Sources */,
				7D65594E1C7C277D006DCF88 /* count.swift in Sources */,
				7D6559521C7C277D006DCF88 /* main.swift in Sources */,
				7D6559501C7C277D006DCF88 /* echo.swift in Sources */,
				7D6559541C7C277D006DCF88 /* getPut.swift in Sources */,
				7D6558851C7B03AD006DCF88 /* software_tools_test.swift in Sources */,
				7D6559511C7C277D006DCF88 /* expand.swift in Sources */,
				7D6559551C7C277D006DCF88 /* bufferStreamWrapper.swift in Sources */,
				7D6559571C7C277D006DCF88 /* crypt.swift in Sources */,
				7D65594F1C7C277D006DCF88 /* detab.swift in Sources */,
				7D65594D1C7C277D006DCF88 /* compress.swift in Sources */,
				7D6559561C7C277D006DCF88 /* fileHandler.swift in Sources */,
				7D65596B1C7C3E5B006DCF88 /* tralslit.swift in Sources */,
			);
			runOnlyForDeploymentPostprocessing = 0;
		};
/* End PBXSourcesBuildPhase section */

/* Begin XCBuildConfiguration section */
		7D65582B1C7AC372006DCF88 /* Debug */ = {
			isa = XCBuildConfiguration;
			buildSettings = {
				ALWAYS_SEARCH_USER_PATHS = NO;
				CLANG_CXX_LANGUAGE_STANDARD = "gnu++0x";
				CLANG_CXX_LIBRARY = "libc++";
				CLANG_ENABLE_MODULES = YES;
				CLANG_ENABLE_OBJC_ARC = YES;
				CLANG_WARN_BOOL_CONVERSION = YES;
				CLANG_WARN_CONSTANT_CONVERSION = YES;
				CLANG_WARN_DIRECT_OBJC_ISA_USAGE = YES_ERROR;
				CLANG_WARN_EMPTY_BODY = YES;
				CLANG_WARN_ENUM_CONVERSION = YES;
				CLANG_WARN_INT_CONVERSION = YES;
				CLANG_WARN_OBJC_ROOT_CLASS = YES_ERROR;
				CLANG_WARN_UNREACHABLE_CODE = YES;
				CLANG_WARN__DUPLICATE_METHOD_MATCH = YES;
				CODE_SIGN_IDENTITY = "-";
				COPY_PHASE_STRIP = NO;
				DEBUG_INFORMATION_FORMAT = dwarf;
				ENABLE_STRICT_OBJC_MSGSEND = YES;
				ENABLE_TESTABILITY = YES;
				GCC_C_LANGUAGE_STANDARD = gnu99;
				GCC_DYNAMIC_NO_PIC = NO;
				GCC_NO_COMMON_BLOCKS = YES;
				GCC_OPTIMIZATION_LEVEL = 0;
				GCC_PREPROCESSOR_DEFINITIONS = (
					"DEBUG=1",
					"$(inherited)",
				);
				GCC_WARN_64_TO_32_BIT_CONVERSION = YES;
				GCC_WARN_ABOUT_RETURN_TYPE = YES_ERROR;
				GCC_WARN_UNDECLARED_SELECTOR = YES;
				GCC_WARN_UNINITIALIZED_AUTOS = YES_AGGRESSIVE;
				GCC_WARN_UNUSED_FUNCTION = YES;
				GCC_WARN_UNUSED_VARIABLE = YES;
				MACOSX_DEPLOYMENT_TARGET = 10.11;
				MTL_ENABLE_DEBUG_INFO = YES;
				ONLY_ACTIVE_ARCH = YES;
				SDKROOT = macosx;
				SWIFT_OPTIMIZATION_LEVEL = "-Onone";
			};
			name = Debug;
		};
		7D65582C1C7AC372006DCF88 /* Release */ = {
			isa = XCBuildConfiguration;
			buildSettings = {
				ALWAYS_SEARCH_USER_PATHS = NO;
				CLANG_CXX_LANGUAGE_STANDARD = "gnu++0x";
				CLANG_CXX_LIBRARY = "libc++";
				CLANG_ENABLE_MODULES = YES;
				CLANG_ENABLE_OBJC_ARC = YES;
				CLANG_WARN_BOOL_CONVERSION = YES;
				CLANG_WARN_CONSTANT_CONVERSION = YES;
				CLANG_WARN_DIRECT_OBJC_ISA_USAGE = YES_ERROR;
				CLANG_WARN_EMPTY_BODY = YES;
				CLANG_WARN_ENUM_CONVERSION = YES;
				CLANG_WARN_INT_CONVERSION = YES;
				CLANG_WARN_OBJC_ROOT_CLASS = YES_ERROR;
				CLANG_WARN_UNREACHABLE_CODE = YES;
				CLANG_WARN__DUPLICATE_METHOD_MATCH = YES;
				CODE_SIGN_IDENTITY = "-";
				COPY_PHASE_STRIP = NO;
				DEBUG_INFORMATION_FORMAT = "dwarf-with-dsym";
				ENABLE_NS_ASSERTIONS = NO;
				ENABLE_STRICT_OBJC_MSGSEND = YES;
				GCC_C_LANGUAGE_STANDARD = gnu99;
				GCC_NO_COMMON_BLOCKS = YES;
				GCC_WARN_64_TO_32_BIT_CONVERSION = YES;
				GCC_WARN_ABOUT_RETURN_TYPE = YES_ERROR;
				GCC_WARN_UNDECLARED_SELECTOR = YES;
				GCC_WARN_UNINITIALIZED_AUTOS = YES_AGGRESSIVE;
				GCC_WARN_UNUSED_FUNCTION = YES;
				GCC_WARN_UNUSED_VARIABLE = YES;
				MACOSX_DEPLOYMENT_TARGET = 10.11;
				MTL_ENABLE_DEBUG_INFO = NO;
				SDKROOT = macosx;
			};
			name = Release;
		};
		7D65582E1C7AC372006DCF88 /* Debug */ = {
			isa = XCBuildConfiguration;
			buildSettings = {
				PRODUCT_NAME = "$(TARGET_NAME)";
			};
			name = Debug;
		};
		7D65582F1C7AC372006DCF88 /* Release */ = {
			isa = XCBuildConfiguration;
			buildSettings = {
				PRODUCT_NAME = "$(TARGET_NAME)";
			};
			name = Release;
		};
		7D6558881C7B03AD006DCF88 /* Debug */ = {
			isa = XCBuildConfiguration;
			buildSettings = {
				COMBINE_HIDPI_IMAGES = YES;
				INFOPLIST_FILE = "software-tools-test/Info.plist";
				LD_RUNPATH_SEARCH_PATHS = "$(inherited) @executable_path/../Frameworks @loader_path/../Frameworks";
				PRODUCT_BUNDLE_IDENTIFIER = "AikawaKazuki.software-tools-test";
				PRODUCT_NAME = "$(TARGET_NAME)";
			};
			name = Debug;
		};
		7D6558891C7B03AD006DCF88 /* Release */ = {
			isa = XCBuildConfiguration;
			buildSettings = {
				COMBINE_HIDPI_IMAGES = YES;
				INFOPLIST_FILE = "software-tools-test/Info.plist";
				LD_RUNPATH_SEARCH_PATHS = "$(inherited) @executable_path/../Frameworks @loader_path/../Frameworks";
				PRODUCT_BUNDLE_IDENTIFIER = "AikawaKazuki.software-tools-test";
				PRODUCT_NAME = "$(TARGET_NAME)";
			};
			name = Release;
		};
/* End XCBuildConfiguration section */

/* Begin XCConfigurationList section */
		7D6558211C7AC372006DCF88 /* Build configuration list for PBXProject "software-tools-swift" */ = {
			isa = XCConfigurationList;
			buildConfigurations = (
				7D65582B1C7AC372006DCF88 /* Debug */,
				7D65582C1C7AC372006DCF88 /* Release */,
			);
			defaultConfigurationIsVisible = 0;
			defaultConfigurationName = Release;
		};
		7D65582D1C7AC372006DCF88 /* Build configuration list for PBXNativeTarget "software-tools-swift" */ = {
			isa = XCConfigurationList;
			buildConfigurations = (
				7D65582E1C7AC372006DCF88 /* Debug */,
				7D65582F1C7AC372006DCF88 /* Release */,
			);
			defaultConfigurationIsVisible = 0;
			defaultConfigurationName = Release;
		};
		7D6558871C7B03AD006DCF88 /* Build configuration list for PBXNativeTarget "software-tools-test" */ = {
			isa = XCConfigurationList;
			buildConfigurations = (
				7D6558881C7B03AD006DCF88 /* Debug */,
				7D6558891C7B03AD006DCF88 /* Release */,
			);
			defaultConfigurationIsVisible = 0;
			defaultConfigurationName = Release;
		};
/* End XCConfigurationList section */
	};
	rootObject = 7D65581E1C7AC372006DCF88 /* Project object */;
}
