// !$*UTF8*$!
{
	archiveVersion = 1;
	classes = {
	};
	objectVersion = 46;
	objects = {

/* Begin PBXBuildFile section */
		7D6559041C7BF485006DCF88 /* main.swift in Sources */ = {isa = PBXBuildFile; fileRef = 7D6559031C7BF485006DCF88 /* main.swift */; };
		7D6559161C7BF679006DCF88 /* bufferStreamWrapper.swift in Sources */ = {isa = PBXBuildFile; fileRef = 7D6559111C7BF679006DCF88 /* bufferStreamWrapper.swift */; };
		7D6559171C7BF679006DCF88 /* compress.swift in Sources */ = {isa = PBXBuildFile; fileRef = 7D6559121C7BF679006DCF88 /* compress.swift */; };
		7D6559181C7BF679006DCF88 /* expand.swift in Sources */ = {isa = PBXBuildFile; fileRef = 7D6559131C7BF679006DCF88 /* expand.swift */; };
		7D6559191C7BF679006DCF88 /* fileHandler.swift in Sources */ = {isa = PBXBuildFile; fileRef = 7D6559141C7BF679006DCF88 /* fileHandler.swift */; };
		7D65591A1C7BF679006DCF88 /* getPut.swift in Sources */ = {isa = PBXBuildFile; fileRef = 7D6559151C7BF679006DCF88 /* getPut.swift */; };
/* End PBXBuildFile section */

/* Begin PBXCopyFilesBuildPhase section */
		7D6558FE1C7BF485006DCF88 /* CopyFiles */ = {
			isa = PBXCopyFilesBuildPhase;
			buildActionMask = 2147483647;
			dstPath = /usr/share/man/man1/;
			dstSubfolderSpec = 0;
			files = (
			);
			runOnlyForDeploymentPostprocessing = 1;
		};
/* End PBXCopyFilesBuildPhase section */

/* Begin PBXFileReference section */
		7D6559001C7BF485006DCF88 /* expand */ = {isa = PBXFileReference; explicitFileType = "compiled.mach-o.executable"; includeInIndex = 0; path = expand; sourceTree = BUILT_PRODUCTS_DIR; };
		7D6559031C7BF485006DCF88 /* main.swift */ = {isa = PBXFileReference; lastKnownFileType = sourcecode.swift; path = main.swift; sourceTree = "<group>"; };
		7D6559101C7BF663006DCF88 /* buildCommand.sh */ = {isa = PBXFileReference; fileEncoding = 4; lastKnownFileType = text.script.sh; path = buildCommand.sh; sourceTree = "<group>"; };
		7D6559111C7BF679006DCF88 /* bufferStreamWrapper.swift */ = {isa = PBXFileReference; fileEncoding = 4; lastKnownFileType = sourcecode.swift; name = bufferStreamWrapper.swift; path = "../../software-tools-swift/bufferStreamWrapper.swift"; sourceTree = "<group>"; };
		7D6559121C7BF679006DCF88 /* compress.swift */ = {isa = PBXFileReference; fileEncoding = 4; lastKnownFileType = sourcecode.swift; name = compress.swift; path = "../../software-tools-swift/compress.swift"; sourceTree = "<group>"; };
		7D6559131C7BF679006DCF88 /* expand.swift */ = {isa = PBXFileReference; fileEncoding = 4; lastKnownFileType = sourcecode.swift; name = expand.swift; path = "../../software-tools-swift/expand.swift"; sourceTree = "<group>"; };
		7D6559141C7BF679006DCF88 /* fileHandler.swift */ = {isa = PBXFileReference; fileEncoding = 4; lastKnownFileType = sourcecode.swift; name = fileHandler.swift; path = "../../software-tools-swift/fileHandler.swift"; sourceTree = "<group>"; };
		7D6559151C7BF679006DCF88 /* getPut.swift */ = {isa = PBXFileReference; fileEncoding = 4; lastKnownFileType = sourcecode.swift; name = getPut.swift; path = "../../software-tools-swift/getPut.swift"; sourceTree = "<group>"; };
/* End PBXFileReference section */

/* Begin PBXFrameworksBuildPhase section */
		7D6558FD1C7BF485006DCF88 /* Frameworks */ = {
			isa = PBXFrameworksBuildPhase;
			buildActionMask = 2147483647;
			files = (
			);
			runOnlyForDeploymentPostprocessing = 0;
		};
/* End PBXFrameworksBuildPhase section */

/* Begin PBXGroup section */
		7D6558F71C7BF485006DCF88 = {
			isa = PBXGroup;
			children = (
				7D6559021C7BF485006DCF88 /* expand */,
				7D6559011C7BF485006DCF88 /* Products */,
			);
			sourceTree = "<group>";
		};
		7D6559011C7BF485006DCF88 /* Products */ = {
			isa = PBXGroup;
			children = (
				7D6559001C7BF485006DCF88 /* expand */,
			);
			name = Products;
			sourceTree = "<group>";
		};
		7D6559021C7BF485006DCF88 /* expand */ = {
			isa = PBXGroup;
			children = (
				7D6559031C7BF485006DCF88 /* main.swift */,
				7D6559111C7BF679006DCF88 /* bufferStreamWrapper.swift */,
				7D6559121C7BF679006DCF88 /* compress.swift */,
				7D6559131C7BF679006DCF88 /* expand.swift */,
				7D6559141C7BF679006DCF88 /* fileHandler.swift */,
				7D6559151C7BF679006DCF88 /* getPut.swift */,
				7D6559101C7BF663006DCF88 /* buildCommand.sh */,
			);
			path = expand;
			sourceTree = "<group>";
		};
/* End PBXGroup section */

/* Begin PBXNativeTarget section */
		7D6558FF1C7BF485006DCF88 /* expand */ = {
			isa = PBXNativeTarget;
			buildConfigurationList = 7D6559071C7BF485006DCF88 /* Build configuration list for PBXNativeTarget "expand" */;
			buildPhases = (
				7D6558FC1C7BF485006DCF88 /* Sources */,
				7D6558FD1C7BF485006DCF88 /* Frameworks */,
				7D6558FE1C7BF485006DCF88 /* CopyFiles */,
			);
			buildRules = (
			);
			dependencies = (
			);
			name = expand;
			productName = expand;
			productReference = 7D6559001C7BF485006DCF88 /* expand */;
			productType = "com.apple.product-type.tool";
		};
/* End PBXNativeTarget section */

/* Begin PBXProject section */
		7D6558F81C7BF485006DCF88 /* Project object */ = {
			isa = PBXProject;
			attributes = {
				LastSwiftUpdateCheck = 0720;
				LastUpgradeCheck = 0720;
				ORGANIZATIONNAME = AikawaKazuki;
				TargetAttributes = {
					7D6558FF1C7BF485006DCF88 = {
						CreatedOnToolsVersion = 7.2;
					};
				};
			};
			buildConfigurationList = 7D6558FB1C7BF485006DCF88 /* Build configuration list for PBXProject "expand" */;
			compatibilityVersion = "Xcode 3.2";
			developmentRegion = English;
			hasScannedForEncodings = 0;
			knownRegions = (
				en,
			);
			mainGroup = 7D6558F71C7BF485006DCF88;
			productRefGroup = 7D6559011C7BF485006DCF88 /* Products */;
			projectDirPath = "";
			projectRoot = "";
			targets = (
				7D6558FF1C7BF485006DCF88 /* expand */,
			);
		};
/* End PBXProject section */

/* Begin PBXSourcesBuildPhase section */
		7D6558FC1C7BF485006DCF88 /* Sources */ = {
			isa = PBXSourcesBuildPhase;
			buildActionMask = 2147483647;
			files = (
				7D6559041C7BF485006DCF88 /* main.swift in Sources */,
				7D6559171C7BF679006DCF88 /* compress.swift in Sources */,
				7D6559161C7BF679006DCF88 /* bufferStreamWrapper.swift in Sources */,
				7D6559191C7BF679006DCF88 /* fileHandler.swift in Sources */,
				7D65591A1C7BF679006DCF88 /* getPut.swift in Sources */,
				7D6559181C7BF679006DCF88 /* expand.swift in Sources */,
			);
			runOnlyForDeploymentPostprocessing = 0;
		};
/* End PBXSourcesBuildPhase section */

/* Begin XCBuildConfiguration section */
		7D6559051C7BF485006DCF88 /* Debug */ = {
			isa = XCBuildConfiguration;
			buildSettings = {
				ALWAYS_SEARCH_USER_PATHS = NO;
				CLANG_CXX_LANGUAGE_STANDARD = "gnu++0x";
				CLANG_CXX_LIBRARY = "libc++";
				CLANG_ENABLE_MODULES = YES;
				CLANG_ENABLE_OBJC_ARC = YES;
				CLANG_WARN_BOOL_CONVERSION = YES;
				CLANG_WARN_CONSTANT_CONVERSION = YES;
				CLANG_WARN_DIRECT_OBJC_ISA_USAGE = YES_ERROR;
				CLANG_WARN_EMPTY_BODY = YES;
				CLANG_WARN_ENUM_CONVERSION = YES;
				CLANG_WARN_INT_CONVERSION = YES;
				CLANG_WARN_OBJC_ROOT_CLASS = YES_ERROR;
				CLANG_WARN_UNREACHABLE_CODE = YES;
				CLANG_WARN__DUPLICATE_METHOD_MATCH = YES;
				CODE_SIGN_IDENTITY = "-";
				COPY_PHASE_STRIP = NO;
				DEBUG_INFORMATION_FORMAT = dwarf;
				ENABLE_STRICT_OBJC_MSGSEND = YES;
				ENABLE_TESTABILITY = YES;
				GCC_C_LANGUAGE_STANDARD = gnu99;
				GCC_DYNAMIC_NO_PIC = NO;
				GCC_NO_COMMON_BLOCKS = YES;
				GCC_OPTIMIZATION_LEVEL = 0;
				GCC_PREPROCESSOR_DEFINITIONS = (
					"DEBUG=1",
					"$(inherited)",
				);
				GCC_WARN_64_TO_32_BIT_CONVERSION = YES;
				GCC_WARN_ABOUT_RETURN_TYPE = YES_ERROR;
				GCC_WARN_UNDECLARED_SELECTOR = YES;
				GCC_WARN_UNINITIALIZED_AUTOS = YES_AGGRESSIVE;
				GCC_WARN_UNUSED_FUNCTION = YES;
				GCC_WARN_UNUSED_VARIABLE = YES;
				MACOSX_DEPLOYMENT_TARGET = 10.11;
				MTL_ENABLE_DEBUG_INFO = YES;
				ONLY_ACTIVE_ARCH = YES;
				SDKROOT = macosx;
				SWIFT_OPTIMIZATION_LEVEL = "-Onone";
			};
			name = Debug;
		};
		7D6559061C7BF485006DCF88 /* Release */ = {
			isa = XCBuildConfiguration;
			buildSettings = {
				ALWAYS_SEARCH_USER_PATHS = NO;
				CLANG_CXX_LANGUAGE_STANDARD = "gnu++0x";
				CLANG_CXX_LIBRARY = "libc++";
				CLANG_ENABLE_MODULES = YES;
				CLANG_ENABLE_OBJC_ARC = YES;
				CLANG_WARN_BOOL_CONVERSION = YES;
				CLANG_WARN_CONSTANT_CONVERSION = YES;
				CLANG_WARN_DIRECT_OBJC_ISA_USAGE = YES_ERROR;
				CLANG_WARN_EMPTY_BODY = YES;
				CLANG_WARN_ENUM_CONVERSION = YES;
				CLANG_WARN_INT_CONVERSION = YES;
				CLANG_WARN_OBJC_ROOT_CLASS = YES_ERROR;
				CLANG_WARN_UNREACHABLE_CODE = YES;
				CLANG_WARN__DUPLICATE_METHOD_MATCH = YES;
				CODE_SIGN_IDENTITY = "-";
				COPY_PHASE_STRIP = NO;
				DEBUG_INFORMATION_FORMAT = "dwarf-with-dsym";
				ENABLE_NS_ASSERTIONS = NO;
				ENABLE_STRICT_OBJC_MSGSEND = YES;
				GCC_C_LANGUAGE_STANDARD = gnu99;
				GCC_NO_COMMON_BLOCKS = YES;
				GCC_WARN_64_TO_32_BIT_CONVERSION = YES;
				GCC_WARN_ABOUT_RETURN_TYPE = YES_ERROR;
				GCC_WARN_UNDECLARED_SELECTOR = YES;
				GCC_WARN_UNINITIALIZED_AUTOS = YES_AGGRESSIVE;
				GCC_WARN_UNUSED_FUNCTION = YES;
				GCC_WARN_UNUSED_VARIABLE = YES;
				MACOSX_DEPLOYMENT_TARGET = 10.11;
				MTL_ENABLE_DEBUG_INFO = NO;
				SDKROOT = macosx;
			};
			name = Release;
		};
		7D6559081C7BF485006DCF88 /* Debug */ = {
			isa = XCBuildConfiguration;
			buildSettings = {
				PRODUCT_NAME = "$(TARGET_NAME)";
			};
			name = Debug;
		};
		7D6559091C7BF485006DCF88 /* Release */ = {
			isa = XCBuildConfiguration;
			buildSettings = {
				PRODUCT_NAME = "$(TARGET_NAME)";
			};
			name = Release;
		};
/* End XCBuildConfiguration section */

/* Begin XCConfigurationList section */
		7D6558FB1C7BF485006DCF88 /* Build configuration list for PBXProject "expand" */ = {
			isa = XCConfigurationList;
			buildConfigurations = (
				7D6559051C7BF485006DCF88 /* Debug */,
				7D6559061C7BF485006DCF88 /* Release */,
			);
			defaultConfigurationIsVisible = 0;
			defaultConfigurationName = Release;
		};
		7D6559071C7BF485006DCF88 /* Build configuration list for PBXNativeTarget "expand" */ = {
			isa = XCConfigurationList;
			buildConfigurations = (
				7D6559081C7BF485006DCF88 /* Debug */,
				7D6559091C7BF485006DCF88 /* Release */,
			);
			defaultConfigurationIsVisible = 0;
			defaultConfigurationName = Release;
		};
/* End XCConfigurationList section */
	};
	rootObject = 7D6558F81C7BF485006DCF88 /* Project object */;
}
