// !$*UTF8*$!
{
	archiveVersion = 1;
	classes = {
	};
	objectVersion = 46;
	objects = {

/* Begin PBXBuildFile section */
		7DB424561C86780F00B58053 /* main.swift in Sources */ = {isa = PBXBuildFile; fileRef = 7DB424551C86780F00B58053 /* main.swift */; };
		7DB424671C86782700B58053 /* argParser.swift in Sources */ = {isa = PBXBuildFile; fileRef = 7DB424621C86782700B58053 /* argParser.swift */; };
		7DB424681C86782700B58053 /* bufferStreamWrapper.swift in Sources */ = {isa = PBXBuildFile; fileRef = 7DB424631C86782700B58053 /* bufferStreamWrapper.swift */; };
		7DB424691C86782700B58053 /* common.swift in Sources */ = {isa = PBXBuildFile; fileRef = 7DB424641C86782700B58053 /* common.swift */; };
		7DB4246A1C86782700B58053 /* compare.swift in Sources */ = {isa = PBXBuildFile; fileRef = 7DB424651C86782700B58053 /* compare.swift */; };
		7DB4246B1C86782700B58053 /* getPut.swift in Sources */ = {isa = PBXBuildFile; fileRef = 7DB424661C86782700B58053 /* getPut.swift */; };
		7DB4246D1C86784400B58053 /* fileHandler.swift in Sources */ = {isa = PBXBuildFile; fileRef = 7DB4246C1C86784400B58053 /* fileHandler.swift */; };
/* End PBXBuildFile section */

/* Begin PBXCopyFilesBuildPhase section */
		7DB424501C86780F00B58053 /* CopyFiles */ = {
			isa = PBXCopyFilesBuildPhase;
			buildActionMask = 2147483647;
			dstPath = /usr/share/man/man1/;
			dstSubfolderSpec = 0;
			files = (
			);
			runOnlyForDeploymentPostprocessing = 1;
		};
/* End PBXCopyFilesBuildPhase section */

/* Begin PBXFileReference section */
		7DB424521C86780F00B58053 /* compare */ = {isa = PBXFileReference; explicitFileType = "compiled.mach-o.executable"; includeInIndex = 0; path = compare; sourceTree = BUILT_PRODUCTS_DIR; };
		7DB424551C86780F00B58053 /* main.swift */ = {isa = PBXFileReference; lastKnownFileType = sourcecode.swift; path = main.swift; sourceTree = "<group>"; };
		7DB424621C86782700B58053 /* argParser.swift */ = {isa = PBXFileReference; fileEncoding = 4; lastKnownFileType = sourcecode.swift; name = argParser.swift; path = "../../software-tools-swift/argParser.swift"; sourceTree = "<group>"; };
		7DB424631C86782700B58053 /* bufferStreamWrapper.swift */ = {isa = PBXFileReference; fileEncoding = 4; lastKnownFileType = sourcecode.swift; name = bufferStreamWrapper.swift; path = "../../software-tools-swift/bufferStreamWrapper.swift"; sourceTree = "<group>"; };
		7DB424641C86782700B58053 /* common.swift */ = {isa = PBXFileReference; fileEncoding = 4; lastKnownFileType = sourcecode.swift; name = common.swift; path = "../../software-tools-swift/common.swift"; sourceTree = "<group>"; };
		7DB424651C86782700B58053 /* compare.swift */ = {isa = PBXFileReference; fileEncoding = 4; lastKnownFileType = sourcecode.swift; name = compare.swift; path = "../../software-tools-swift/compare.swift"; sourceTree = "<group>"; };
		7DB424661C86782700B58053 /* getPut.swift */ = {isa = PBXFileReference; fileEncoding = 4; lastKnownFileType = sourcecode.swift; name = getPut.swift; path = "../../software-tools-swift/getPut.swift"; sourceTree = "<group>"; };
		7DB4246C1C86784400B58053 /* fileHandler.swift */ = {isa = PBXFileReference; fileEncoding = 4; lastKnownFileType = sourcecode.swift; name = fileHandler.swift; path = "../../software-tools-swift/fileHandler.swift"; sourceTree = "<group>"; };
		7DB4246E1C867ABA00B58053 /* buildCommand.sh */ = {isa = PBXFileReference; lastKnownFileType = text.script.sh; path = buildCommand.sh; sourceTree = "<group>"; };
/* End PBXFileReference section */

/* Begin PBXFrameworksBuildPhase section */
		7DB4244F1C86780F00B58053 /* Frameworks */ = {
			isa = PBXFrameworksBuildPhase;
			buildActionMask = 2147483647;
			files = (
			);
			runOnlyForDeploymentPostprocessing = 0;
		};
/* End PBXFrameworksBuildPhase section */

/* Begin PBXGroup section */
		7DB424491C86780F00B58053 = {
			isa = PBXGroup;
			children = (
				7DB424541C86780F00B58053 /* compare */,
				7DB424531C86780F00B58053 /* Products */,
			);
			sourceTree = "<group>";
		};
		7DB424531C86780F00B58053 /* Products */ = {
			isa = PBXGroup;
			children = (
				7DB424521C86780F00B58053 /* compare */,
			);
			name = Products;
			sourceTree = "<group>";
		};
		7DB424541C86780F00B58053 /* compare */ = {
			isa = PBXGroup;
			children = (
				7DB424551C86780F00B58053 /* main.swift */,
				7DB424621C86782700B58053 /* argParser.swift */,
				7DB424631C86782700B58053 /* bufferStreamWrapper.swift */,
				7DB4246C1C86784400B58053 /* fileHandler.swift */,
				7DB424641C86782700B58053 /* common.swift */,
				7DB424651C86782700B58053 /* compare.swift */,
				7DB424661C86782700B58053 /* getPut.swift */,
				7DB4246E1C867ABA00B58053 /* buildCommand.sh */,
			);
			path = compare;
			sourceTree = "<group>";
		};
/* End PBXGroup section */

/* Begin PBXNativeTarget section */
		7DB424511C86780F00B58053 /* compare */ = {
			isa = PBXNativeTarget;
			buildConfigurationList = 7DB424591C86780F00B58053 /* Build configuration list for PBXNativeTarget "compare" */;
			buildPhases = (
				7DB4244E1C86780F00B58053 /* Sources */,
				7DB4244F1C86780F00B58053 /* Frameworks */,
				7DB424501C86780F00B58053 /* CopyFiles */,
			);
			buildRules = (
			);
			dependencies = (
			);
			name = compare;
			productName = compare;
			productReference = 7DB424521C86780F00B58053 /* compare */;
			productType = "com.apple.product-type.tool";
		};
/* End PBXNativeTarget section */

/* Begin PBXProject section */
		7DB4244A1C86780F00B58053 /* Project object */ = {
			isa = PBXProject;
			attributes = {
				LastSwiftUpdateCheck = 0720;
				LastUpgradeCheck = 0720;
				ORGANIZATIONNAME = AikawaKazuki;
				TargetAttributes = {
					7DB424511C86780F00B58053 = {
						CreatedOnToolsVersion = 7.2;
					};
				};
			};
			buildConfigurationList = 7DB4244D1C86780F00B58053 /* Build configuration list for PBXProject "compare" */;
			compatibilityVersion = "Xcode 3.2";
			developmentRegion = English;
			hasScannedForEncodings = 0;
			knownRegions = (
				en,
			);
			mainGroup = 7DB424491C86780F00B58053;
			productRefGroup = 7DB424531C86780F00B58053 /* Products */;
			projectDirPath = "";
			projectRoot = "";
			targets = (
				7DB424511C86780F00B58053 /* compare */,
			);
		};
/* End PBXProject section */

/* Begin PBXSourcesBuildPhase section */
		7DB4244E1C86780F00B58053 /* Sources */ = {
			isa = PBXSourcesBuildPhase;
			buildActionMask = 2147483647;
			files = (
				7DB424691C86782700B58053 /* common.swift in Sources */,
				7DB424681C86782700B58053 /* bufferStreamWrapper.swift in Sources */,
				7DB4246A1C86782700B58053 /* compare.swift in Sources */,
				7DB4246D1C86784400B58053 /* fileHandler.swift in Sources */,
				7DB424561C86780F00B58053 /* main.swift in Sources */,
				7DB4246B1C86782700B58053 /* getPut.swift in Sources */,
				7DB424671C86782700B58053 /* argParser.swift in Sources */,
			);
			runOnlyForDeploymentPostprocessing = 0;
		};
/* End PBXSourcesBuildPhase section */

/* Begin XCBuildConfiguration section */
		7DB424571C86780F00B58053 /* Debug */ = {
			isa = XCBuildConfiguration;
			buildSettings = {
				ALWAYS_SEARCH_USER_PATHS = NO;
				CLANG_CXX_LANGUAGE_STANDARD = "gnu++0x";
				CLANG_CXX_LIBRARY = "libc++";
				CLANG_ENABLE_MODULES = YES;
				CLANG_ENABLE_OBJC_ARC = YES;
				CLANG_WARN_BOOL_CONVERSION = YES;
				CLANG_WARN_CONSTANT_CONVERSION = YES;
				CLANG_WARN_DIRECT_OBJC_ISA_USAGE = YES_ERROR;
				CLANG_WARN_EMPTY_BODY = YES;
				CLANG_WARN_ENUM_CONVERSION = YES;
				CLANG_WARN_INT_CONVERSION = YES;
				CLANG_WARN_OBJC_ROOT_CLASS = YES_ERROR;
				CLANG_WARN_UNREACHABLE_CODE = YES;
				CLANG_WARN__DUPLICATE_METHOD_MATCH = YES;
				CODE_SIGN_IDENTITY = "-";
				COPY_PHASE_STRIP = NO;
				DEBUG_INFORMATION_FORMAT = dwarf;
				ENABLE_STRICT_OBJC_MSGSEND = YES;
				ENABLE_TESTABILITY = YES;
				GCC_C_LANGUAGE_STANDARD = gnu99;
				GCC_DYNAMIC_NO_PIC = NO;
				GCC_NO_COMMON_BLOCKS = YES;
				GCC_OPTIMIZATION_LEVEL = 0;
				GCC_PREPROCESSOR_DEFINITIONS = (
					"DEBUG=1",
					"$(inherited)",
				);
				GCC_WARN_64_TO_32_BIT_CONVERSION = YES;
				GCC_WARN_ABOUT_RETURN_TYPE = YES_ERROR;
				GCC_WARN_UNDECLARED_SELECTOR = YES;
				GCC_WARN_UNINITIALIZED_AUTOS = YES_AGGRESSIVE;
				GCC_WARN_UNUSED_FUNCTION = YES;
				GCC_WARN_UNUSED_VARIABLE = YES;
				MACOSX_DEPLOYMENT_TARGET = 10.11;
				MTL_ENABLE_DEBUG_INFO = YES;
				ONLY_ACTIVE_ARCH = YES;
				SDKROOT = macosx;
				SWIFT_OPTIMIZATION_LEVEL = "-Onone";
			};
			name = Debug;
		};
		7DB424581C86780F00B58053 /* Release */ = {
			isa = XCBuildConfiguration;
			buildSettings = {
				ALWAYS_SEARCH_USER_PATHS = NO;
				CLANG_CXX_LANGUAGE_STANDARD = "gnu++0x";
				CLANG_CXX_LIBRARY = "libc++";
				CLANG_ENABLE_MODULES = YES;
				CLANG_ENABLE_OBJC_ARC = YES;
				CLANG_WARN_BOOL_CONVERSION = YES;
				CLANG_WARN_CONSTANT_CONVERSION = YES;
				CLANG_WARN_DIRECT_OBJC_ISA_USAGE = YES_ERROR;
				CLANG_WARN_EMPTY_BODY = YES;
				CLANG_WARN_ENUM_CONVERSION = YES;
				CLANG_WARN_INT_CONVERSION = YES;
				CLANG_WARN_OBJC_ROOT_CLASS = YES_ERROR;
				CLANG_WARN_UNREACHABLE_CODE = YES;
				CLANG_WARN__DUPLICATE_METHOD_MATCH = YES;
				CODE_SIGN_IDENTITY = "-";
				COPY_PHASE_STRIP = NO;
				DEBUG_INFORMATION_FORMAT = "dwarf-with-dsym";
				ENABLE_NS_ASSERTIONS = NO;
				ENABLE_STRICT_OBJC_MSGSEND = YES;
				GCC_C_LANGUAGE_STANDARD = gnu99;
				GCC_NO_COMMON_BLOCKS = YES;
				GCC_WARN_64_TO_32_BIT_CONVERSION = YES;
				GCC_WARN_ABOUT_RETURN_TYPE = YES_ERROR;
				GCC_WARN_UNDECLARED_SELECTOR = YES;
				GCC_WARN_UNINITIALIZED_AUTOS = YES_AGGRESSIVE;
				GCC_WARN_UNUSED_FUNCTION = YES;
				GCC_WARN_UNUSED_VARIABLE = YES;
				MACOSX_DEPLOYMENT_TARGET = 10.11;
				MTL_ENABLE_DEBUG_INFO = NO;
				SDKROOT = macosx;
			};
			name = Release;
		};
		7DB4245A1C86780F00B58053 /* Debug */ = {
			isa = XCBuildConfiguration;
			buildSettings = {
				PRODUCT_NAME = "$(TARGET_NAME)";
			};
			name = Debug;
		};
		7DB4245B1C86780F00B58053 /* Release */ = {
			isa = XCBuildConfiguration;
			buildSettings = {
				PRODUCT_NAME = "$(TARGET_NAME)";
			};
			name = Release;
		};
/* End XCBuildConfiguration section */

/* Begin XCConfigurationList section */
		7DB4244D1C86780F00B58053 /* Build configuration list for PBXProject "compare" */ = {
			isa = XCConfigurationList;
			buildConfigurations = (
				7DB424571C86780F00B58053 /* Debug */,
				7DB424581C86780F00B58053 /* Release */,
			);
			defaultConfigurationIsVisible = 0;
			defaultConfigurationName = Release;
		};
		7DB424591C86780F00B58053 /* Build configuration list for PBXNativeTarget "compare" */ = {
			isa = XCConfigurationList;
			buildConfigurations = (
				7DB4245A1C86780F00B58053 /* Debug */,
				7DB4245B1C86780F00B58053 /* Release */,
			);
			defaultConfigurationIsVisible = 0;
		};
/* End XCConfigurationList section */
	};
	rootObject = 7DB4244A1C86780F00B58053 /* Project object */;
}
